// !$*UTF8*$!
{
	archiveVersion = 1;
	classes = {
	};
	objectVersion = 45;
	objects = {

/* Begin PBXBuildFile section */
		FE74338610A89A9D004CDF00 /* CFNetwork.h in Headers */ = {isa = PBXBuildFile; fileRef = FE74338510A89A9D004CDF00 /* CFNetwork.h */; settings = {ATTRIBUTES = (Public, ); }; };
		FE849306119AF77F00E252CC /* CFNetwork.h in Headers */ = {isa = PBXBuildFile; fileRef = FE74338510A89A9D004CDF00 /* CFNetwork.h */; settings = {ATTRIBUTES = (Public, ); }; };
		FE849307119AF77F00E252CC /* CFSocketStream.h in Headers */ = {isa = PBXBuildFile; fileRef = FEC121A810EFC6C000FD1B47 /* CFSocketStream.h */; settings = {ATTRIBUTES = (Public, ); }; };
		FE849308119AF77F00E252CC /* CFNetServices.h in Headers */ = {isa = PBXBuildFile; fileRef = FEC121CC10EFC89500FD1B47 /* CFNetServices.h */; settings = {ATTRIBUTES = (Public, ); }; };
		FE849309119AF77F00E252CC /* CFHost.h in Headers */ = {isa = PBXBuildFile; fileRef = FEC121D610EFC92800FD1B47 /* CFHost.h */; settings = {ATTRIBUTES = (Public, ); }; };
		FE84930A119AF77F00E252CC /* CFNetworkExport.h in Headers */ = {isa = PBXBuildFile; fileRef = FEC1221810EFCB9A00FD1B47 /* CFNetworkExport.h */; settings = {ATTRIBUTES = (Public, ); }; };
		FEA752EA114EB30B00AF634E /* CFNetwork.h in Headers */ = {isa = PBXBuildFile; fileRef = FE74338510A89A9D004CDF00 /* CFNetwork.h */; settings = {ATTRIBUTES = (Public, ); }; };
		FEA752EB114EB30B00AF634E /* CFSocketStream.h in Headers */ = {isa = PBXBuildFile; fileRef = FEC121A810EFC6C000FD1B47 /* CFSocketStream.h */; settings = {ATTRIBUTES = (Public, ); }; };
		FEA752EC114EB30B00AF634E /* CFNetServices.h in Headers */ = {isa = PBXBuildFile; fileRef = FEC121CC10EFC89500FD1B47 /* CFNetServices.h */; settings = {ATTRIBUTES = (Public, ); }; };
		FEA752ED114EB30B00AF634E /* CFHost.h in Headers */ = {isa = PBXBuildFile; fileRef = FEC121D610EFC92800FD1B47 /* CFHost.h */; settings = {ATTRIBUTES = (Public, ); }; };
		FEA752EE114EB30B00AF634E /* CFNetworkExport.h in Headers */ = {isa = PBXBuildFile; fileRef = FEC1221810EFCB9A00FD1B47 /* CFNetworkExport.h */; settings = {ATTRIBUTES = (Public, ); }; };
		FEC121A910EFC6C000FD1B47 /* CFSocketStream.h in Headers */ = {isa = PBXBuildFile; fileRef = FEC121A810EFC6C000FD1B47 /* CFSocketStream.h */; settings = {ATTRIBUTES = (Public, ); }; };
		FEC121CD10EFC89500FD1B47 /* CFNetServices.h in Headers */ = {isa = PBXBuildFile; fileRef = FEC121CC10EFC89500FD1B47 /* CFNetServices.h */; settings = {ATTRIBUTES = (Public, ); }; };
		FEC121D710EFC92800FD1B47 /* CFHost.h in Headers */ = {isa = PBXBuildFile; fileRef = FEC121D610EFC92800FD1B47 /* CFHost.h */; settings = {ATTRIBUTES = (Public, ); }; };
		FEC1221910EFCB9A00FD1B47 /* CFNetworkExport.h in Headers */ = {isa = PBXBuildFile; fileRef = FEC1221810EFCB9A00FD1B47 /* CFNetworkExport.h */; settings = {ATTRIBUTES = (Public, ); }; };
		FEC32E37115909B30008ECE5 /* CFNetwork.h in Headers */ = {isa = PBXBuildFile; fileRef = FE74338510A89A9D004CDF00 /* CFNetwork.h */; settings = {ATTRIBUTES = (Public, ); }; };
		FEC32E38115909B30008ECE5 /* CFSocketStream.h in Headers */ = {isa = PBXBuildFile; fileRef = FEC121A810EFC6C000FD1B47 /* CFSocketStream.h */; settings = {ATTRIBUTES = (Public, ); }; };
		FEC32E39115909B30008ECE5 /* CFNetServices.h in Headers */ = {isa = PBXBuildFile; fileRef = FEC121CC10EFC89500FD1B47 /* CFNetServices.h */; settings = {ATTRIBUTES = (Public, ); }; };
		FEC32E3A115909B30008ECE5 /* CFHost.h in Headers */ = {isa = PBXBuildFile; fileRef = FEC121D610EFC92800FD1B47 /* CFHost.h */; settings = {ATTRIBUTES = (Public, ); }; };
		FEC32E3B115909B30008ECE5 /* CFNetworkExport.h in Headers */ = {isa = PBXBuildFile; fileRef = FEC1221810EFCB9A00FD1B47 /* CFNetworkExport.h */; settings = {ATTRIBUTES = (Public, ); }; };
/* End PBXBuildFile section */

/* Begin PBXBuildRule section */
		FE84930B119AF77F00E252CC /* PBXBuildRule */ = {
			isa = PBXBuildRule;
			compilerSpec = org.cocotron.1.0.freebsd.i386.gcc.default;
			fileType = sourcecode.c;
			isEditable = 1;
			outputFiles = (
			);
		};
		FEA752EF114EB30B00AF634E /* PBXBuildRule */ = {
			isa = PBXBuildRule;
			compilerSpec = org.cocotron.1.0.windows.i386.gcc.default;
			fileType = sourcecode.c;
			isEditable = 1;
			outputFiles = (
			);
		};
/* End PBXBuildRule section */

/* Begin PBXFileReference section */
		0867D69BFE84028FC02AAC07 /* Foundation.framework */ = {isa = PBXFileReference; lastKnownFileType = wrapper.framework; name = Foundation.framework; path = /System/Library/Frameworks/Foundation.framework; sourceTree = "<absolute>"; };
		089C1667FE841158C02AAC07 /* English */ = {isa = PBXFileReference; fileEncoding = 4; lastKnownFileType = text.plist.strings; name = English; path = English.lproj/InfoPlist.strings; sourceTree = "<group>"; };
		8DC2EF5A0486A6940098B216 /* Info.plist */ = {isa = PBXFileReference; fileEncoding = 4; lastKnownFileType = text.plist.xml; path = Info.plist; sourceTree = "<group>"; };
		8DC2EF5B0486A6940098B216 /* CFNetwork.framework */ = {isa = PBXFileReference; explicitFileType = wrapper.framework; includeInIndex = 0; path = CFNetwork.framework; sourceTree = BUILT_PRODUCTS_DIR; };
		FE1E55BE143030B7000D60A1 /* darwin-i386.xcconfig */ = {isa = PBXFileReference; fileEncoding = 4; lastKnownFileType = text.xcconfig; path = "darwin-i386.xcconfig"; sourceTree = "<group>"; };
		FE1E55BF143030B7000D60A1 /* darwin-ppc.xcconfig */ = {isa = PBXFileReference; fileEncoding = 4; lastKnownFileType = text.xcconfig; path = "darwin-ppc.xcconfig"; sourceTree = "<group>"; };
		FE1E55C0143030B7000D60A1 /* darwin-x86_64.xcconfig */ = {isa = PBXFileReference; fileEncoding = 4; lastKnownFileType = text.xcconfig; path = "darwin-x86_64.xcconfig"; sourceTree = "<group>"; };
		FE1E55C1143030B7000D60A1 /* darwin.xcconfig */ = {isa = PBXFileReference; fileEncoding = 4; lastKnownFileType = text.xcconfig; path = darwin.xcconfig; sourceTree = "<group>"; };
		FE1E55C2143030B7000D60A1 /* freebsd-i386.xcconfig */ = {isa = PBXFileReference; fileEncoding = 4; lastKnownFileType = text.xcconfig; path = "freebsd-i386.xcconfig"; sourceTree = "<group>"; };
		FE1E55C3143030B7000D60A1 /* freebsd.xcconfig */ = {isa = PBXFileReference; fileEncoding = 4; lastKnownFileType = text.xcconfig; path = freebsd.xcconfig; sourceTree = "<group>"; };
		FE1E55C4143030B7000D60A1 /* linux-arm.xcconfig */ = {isa = PBXFileReference; fileEncoding = 4; lastKnownFileType = text.xcconfig; path = "linux-arm.xcconfig"; sourceTree = "<group>"; };
		FE1E55C5143030B7000D60A1 /* linux-i386.xcconfig */ = {isa = PBXFileReference; fileEncoding = 4; lastKnownFileType = text.xcconfig; path = "linux-i386.xcconfig"; sourceTree = "<group>"; };
		FE1E55C6143030B7000D60A1 /* linux-ppc.xcconfig */ = {isa = PBXFileReference; fileEncoding = 4; lastKnownFileType = text.xcconfig; path = "linux-ppc.xcconfig"; sourceTree = "<group>"; };
		FE1E55C7143030B7000D60A1 /* linux.xcconfig */ = {isa = PBXFileReference; fileEncoding = 4; lastKnownFileType = text.xcconfig; path = linux.xcconfig; sourceTree = "<group>"; };
		FE1E55C8143030B7000D60A1 /* platform.xcconfig */ = {isa = PBXFileReference; fileEncoding = 4; lastKnownFileType = text.xcconfig; path = platform.xcconfig; sourceTree = "<group>"; };
		FE1E55C9143030B7000D60A1 /* solaris-sparc.xcconfig */ = {isa = PBXFileReference; fileEncoding = 4; lastKnownFileType = text.xcconfig; path = "solaris-sparc.xcconfig"; sourceTree = "<group>"; };
		FE1E55CA143030B7000D60A1 /* solaris.xcconfig */ = {isa = PBXFileReference; fileEncoding = 4; lastKnownFileType = text.xcconfig; path = solaris.xcconfig; sourceTree = "<group>"; };
		FE1E55CB143030B7000D60A1 /* windows-i386.xcconfig */ = {isa = PBXFileReference; fileEncoding = 4; lastKnownFileType = text.xcconfig; path = "windows-i386.xcconfig"; sourceTree = "<group>"; };
		FE1E55CC143030B7000D60A1 /* windows.xcconfig */ = {isa = PBXFileReference; fileEncoding = 4; lastKnownFileType = text.xcconfig; path = windows.xcconfig; sourceTree = "<group>"; };
		FE7084D21431172900B99A95 /* windows-i386-framework.xcconfig */ = {isa = PBXFileReference; fileEncoding = 4; lastKnownFileType = text.xcconfig; path = "windows-i386-framework.xcconfig"; sourceTree = "<group>"; };
		FE74338510A89A9D004CDF00 /* CFNetwork.h */ = {isa = PBXFileReference; fileEncoding = 4; lastKnownFileType = sourcecode.c.h; path = CFNetwork.h; sourceTree = "<group>"; };
		FE84930F119AF77F00E252CC /* CFNetwork.framework */ = {isa = PBXFileReference; explicitFileType = wrapper.framework; includeInIndex = 0; path = CFNetwork.framework; sourceTree = BUILT_PRODUCTS_DIR; };
		FEA752F3114EB30B00AF634E /* CFNetwork.framework */ = {isa = PBXFileReference; explicitFileType = wrapper.framework; includeInIndex = 0; path = CFNetwork.framework; sourceTree = BUILT_PRODUCTS_DIR; };
		FEC121A810EFC6C000FD1B47 /* CFSocketStream.h */ = {isa = PBXFileReference; fileEncoding = 4; lastKnownFileType = sourcecode.c.h; path = CFSocketStream.h; sourceTree = "<group>"; };
		FEC121CC10EFC89500FD1B47 /* CFNetServices.h */ = {isa = PBXFileReference; fileEncoding = 4; lastKnownFileType = sourcecode.c.h; path = CFNetServices.h; sourceTree = "<group>"; };
		FEC121D610EFC92800FD1B47 /* CFHost.h */ = {isa = PBXFileReference; fileEncoding = 4; lastKnownFileType = sourcecode.c.h; path = CFHost.h; sourceTree = "<group>"; };
		FEC1221810EFCB9A00FD1B47 /* CFNetworkExport.h */ = {isa = PBXFileReference; fileEncoding = 4; lastKnownFileType = sourcecode.c.h; path = CFNetworkExport.h; sourceTree = "<group>"; };
		FEC32E40115909B30008ECE5 /* CFNetwork.framework */ = {isa = PBXFileReference; explicitFileType = wrapper.framework; includeInIndex = 0; path = CFNetwork.framework; sourceTree = BUILT_PRODUCTS_DIR; };
/* End PBXFileReference section */

/* Begin PBXGroup section */
		034768DFFF38A50411DB9C8B /* Products */ = {
			isa = PBXGroup;
			children = (
				8DC2EF5B0486A6940098B216 /* CFNetwork.framework */,
				FEA752F3114EB30B00AF634E /* CFNetwork.framework */,
				FEC32E40115909B30008ECE5 /* CFNetwork.framework */,
				FE84930F119AF77F00E252CC /* CFNetwork.framework */,
			);
			name = Products;
			sourceTree = "<group>";
		};
		0867D691FE84028FC02AAC07 /* CFNetwork */ = {
			isa = PBXGroup;
			children = (
				FE1E55BD143030B7000D60A1 /* xcconfig */,
				FEC1221810EFCB9A00FD1B47 /* CFNetworkExport.h */,
				FEC121D610EFC92800FD1B47 /* CFHost.h */,
				FEC121A810EFC6C000FD1B47 /* CFSocketStream.h */,
				FE74338510A89A9D004CDF00 /* CFNetwork.h */,
				FEC121CC10EFC89500FD1B47 /* CFNetServices.h */,
				32C88DFF0371C24200C91783 /* Other Sources */,
				089C1665FE841158C02AAC07 /* Resources */,
				0867D69AFE84028FC02AAC07 /* External Frameworks and Libraries */,
				034768DFFF38A50411DB9C8B /* Products */,
			);
			name = CFNetwork;
			sourceTree = "<group>";
		};
		0867D69AFE84028FC02AAC07 /* External Frameworks and Libraries */ = {
			isa = PBXGroup;
			children = (
				1058C7B0FEA5585E11CA2CBB /* Linked Frameworks */,
				1058C7B2FEA5585E11CA2CBB /* Other Frameworks */,
			);
			name = "External Frameworks and Libraries";
			sourceTree = "<group>";
		};
		089C1665FE841158C02AAC07 /* Resources */ = {
			isa = PBXGroup;
			children = (
				8DC2EF5A0486A6940098B216 /* Info.plist */,
				089C1666FE841158C02AAC07 /* InfoPlist.strings */,
			);
			name = Resources;
			sourceTree = "<group>";
		};
		1058C7B0FEA5585E11CA2CBB /* Linked Frameworks */ = {
			isa = PBXGroup;
			children = (
			);
			name = "Linked Frameworks";
			sourceTree = "<group>";
		};
		1058C7B2FEA5585E11CA2CBB /* Other Frameworks */ = {
			isa = PBXGroup;
			children = (
				0867D69BFE84028FC02AAC07 /* Foundation.framework */,
			);
			name = "Other Frameworks";
			sourceTree = "<group>";
		};
		32C88DFF0371C24200C91783 /* Other Sources */ = {
			isa = PBXGroup;
			children = (
			);
			name = "Other Sources";
			sourceTree = "<group>";
		};
		FE1E55BD143030B7000D60A1 /* xcconfig */ = {
			isa = PBXGroup;
			children = (
				FE1E55BE143030B7000D60A1 /* darwin-i386.xcconfig */,
				FE1E55BF143030B7000D60A1 /* darwin-ppc.xcconfig */,
				FE1E55C0143030B7000D60A1 /* darwin-x86_64.xcconfig */,
				FE1E55C1143030B7000D60A1 /* darwin.xcconfig */,
				FE1E55C2143030B7000D60A1 /* freebsd-i386.xcconfig */,
				FE1E55C3143030B7000D60A1 /* freebsd.xcconfig */,
				FE1E55C4143030B7000D60A1 /* linux-arm.xcconfig */,
				FE1E55C5143030B7000D60A1 /* linux-i386.xcconfig */,
				FE1E55C6143030B7000D60A1 /* linux-ppc.xcconfig */,
				FE1E55C7143030B7000D60A1 /* linux.xcconfig */,
				FE1E55C8143030B7000D60A1 /* platform.xcconfig */,
				FE1E55C9143030B7000D60A1 /* solaris-sparc.xcconfig */,
				FE1E55CA143030B7000D60A1 /* solaris.xcconfig */,
				FE1E55CB143030B7000D60A1 /* windows-i386.xcconfig */,
				FE1E55CC143030B7000D60A1 /* windows.xcconfig */,
				FE7084D21431172900B99A95 /* windows-i386-framework.xcconfig */,
			);
			name = xcconfig;
			path = ../xcconfig;
			sourceTree = SOURCE_ROOT;
		};
/* End PBXGroup section */

/* Begin PBXHeadersBuildPhase section */
		8DC2EF500486A6940098B216 /* Headers */ = {
			isa = PBXHeadersBuildPhase;
			buildActionMask = 2147483647;
			files = (
				FE74338610A89A9D004CDF00 /* CFNetwork.h in Headers */,
				FEC121A910EFC6C000FD1B47 /* CFSocketStream.h in Headers */,
				FEC121CD10EFC89500FD1B47 /* CFNetServices.h in Headers */,
				FEC121D710EFC92800FD1B47 /* CFHost.h in Headers */,
				FEC1221910EFCB9A00FD1B47 /* CFNetworkExport.h in Headers */,
			);
			runOnlyForDeploymentPostprocessing = 0;
		};
		FE849305119AF77F00E252CC /* Headers */ = {
			isa = PBXHeadersBuildPhase;
			buildActionMask = 2147483647;
			files = (
				FE849306119AF77F00E252CC /* CFNetwork.h in Headers */,
				FE849307119AF77F00E252CC /* CFSocketStream.h in Headers */,
				FE849308119AF77F00E252CC /* CFNetServices.h in Headers */,
				FE849309119AF77F00E252CC /* CFHost.h in Headers */,
				FE84930A119AF77F00E252CC /* CFNetworkExport.h in Headers */,
			);
			runOnlyForDeploymentPostprocessing = 0;
		};
		FEA752E9114EB30B00AF634E /* Headers */ = {
			isa = PBXHeadersBuildPhase;
			buildActionMask = 2147483647;
			files = (
				FEA752EA114EB30B00AF634E /* CFNetwork.h in Headers */,
				FEA752EB114EB30B00AF634E /* CFSocketStream.h in Headers */,
				FEA752EC114EB30B00AF634E /* CFNetServices.h in Headers */,
				FEA752ED114EB30B00AF634E /* CFHost.h in Headers */,
				FEA752EE114EB30B00AF634E /* CFNetworkExport.h in Headers */,
			);
			runOnlyForDeploymentPostprocessing = 0;
		};
		FEC32E36115909B30008ECE5 /* Headers */ = {
			isa = PBXHeadersBuildPhase;
			buildActionMask = 2147483647;
			files = (
				FEC32E37115909B30008ECE5 /* CFNetwork.h in Headers */,
				FEC32E38115909B30008ECE5 /* CFSocketStream.h in Headers */,
				FEC32E39115909B30008ECE5 /* CFNetServices.h in Headers */,
				FEC32E3A115909B30008ECE5 /* CFHost.h in Headers */,
				FEC32E3B115909B30008ECE5 /* CFNetworkExport.h in Headers */,
			);
			runOnlyForDeploymentPostprocessing = 0;
		};
/* End PBXHeadersBuildPhase section */

/* Begin PBXNativeTarget section */
		8DC2EF4F0486A6940098B216 /* CFNetwork-Windows-i386 */ = {
			isa = PBXNativeTarget;
			buildConfigurationList = 1DEB91AD08733DA50010E9CD /* Build configuration list for PBXNativeTarget "CFNetwork-Windows-i386" */;
			buildPhases = (
				8DC2EF500486A6940098B216 /* Headers */,
			);
			buildRules = (
			);
			dependencies = (
			);
			name = "CFNetwork-Windows-i386";
			productInstallPath = "$(HOME)/Library/Frameworks";
			productName = CFNetwork;
			productReference = 8DC2EF5B0486A6940098B216 /* CFNetwork.framework */;
			productType = "com.apple.product-type.framework";
		};
		FE849304119AF77F00E252CC /* CFNetwork-FreeBSD-i386 */ = {
			isa = PBXNativeTarget;
			buildConfigurationList = FE84930C119AF77F00E252CC /* Build configuration list for PBXNativeTarget "CFNetwork-FreeBSD-i386" */;
			buildPhases = (
				FE849305119AF77F00E252CC /* Headers */,
			);
			buildRules = (
				FE84930B119AF77F00E252CC /* PBXBuildRule */,
			);
			dependencies = (
			);
			name = "CFNetwork-FreeBSD-i386";
			productInstallPath = "$(HOME)/Library/Frameworks";
			productName = CFNetwork;
			productReference = FE84930F119AF77F00E252CC /* CFNetwork.framework */;
			productType = "com.apple.product-type.framework";
		};
		FEA752E8114EB30B00AF634E /* CFNetwork-Linux-i386 */ = {
			isa = PBXNativeTarget;
			buildConfigurationList = FEA752F0114EB30B00AF634E /* Build configuration list for PBXNativeTarget "CFNetwork-Linux-i386" */;
			buildPhases = (
				FEA752E9114EB30B00AF634E /* Headers */,
			);
			buildRules = (
				FEA752EF114EB30B00AF634E /* PBXBuildRule */,
			);
			dependencies = (
			);
			name = "CFNetwork-Linux-i386";
			productInstallPath = "$(HOME)/Library/Frameworks";
			productName = CFNetwork;
			productReference = FEA752F3114EB30B00AF634E /* CFNetwork.framework */;
			productType = "com.apple.product-type.framework";
		};
		FEC32E35115909B30008ECE5 /* CFNetwork-Darwin-i386 */ = {
			isa = PBXNativeTarget;
			buildConfigurationList = FEC32E3D115909B30008ECE5 /* Build configuration list for PBXNativeTarget "CFNetwork-Darwin-i386" */;
			buildPhases = (
				FEC32E36115909B30008ECE5 /* Headers */,
			);
			buildRules = (
			);
			dependencies = (
			);
			name = "CFNetwork-Darwin-i386";
			productInstallPath = "$(HOME)/Library/Frameworks";
			productName = CFNetwork;
			productReference = FEC32E40115909B30008ECE5 /* CFNetwork.framework */;
			productType = "com.apple.product-type.framework";
		};
/* End PBXNativeTarget section */

/* Begin PBXProject section */
		0867D690FE84028FC02AAC07 /* Project object */ = {
			isa = PBXProject;
			attributes = {
				LastUpgradeCheck = 0420;
			};
			buildConfigurationList = 1DEB91B108733DA50010E9CD /* Build configuration list for PBXProject "CFNetwork" */;
			compatibilityVersion = "Xcode 3.1";
			developmentRegion = English;
			hasScannedForEncodings = 1;
			knownRegions = (
				English,
				Japanese,
				French,
				German,
			);
			mainGroup = 0867D691FE84028FC02AAC07 /* CFNetwork */;
			productRefGroup = 034768DFFF38A50411DB9C8B /* Products */;
			projectDirPath = "";
			projectRoot = "";
			targets = (
				8DC2EF4F0486A6940098B216 /* CFNetwork-Windows-i386 */,
				FEA752E8114EB30B00AF634E /* CFNetwork-Linux-i386 */,
				FEC32E35115909B30008ECE5 /* CFNetwork-Darwin-i386 */,
				FE849304119AF77F00E252CC /* CFNetwork-FreeBSD-i386 */,
			);
		};
/* End PBXProject section */

/* Begin PBXVariantGroup section */
		089C1666FE841158C02AAC07 /* InfoPlist.strings */ = {
			isa = PBXVariantGroup;
			children = (
				089C1667FE841158C02AAC07 /* English */,
			);
			name = InfoPlist.strings;
			sourceTree = "<group>";
		};
/* End PBXVariantGroup section */

/* Begin XCBuildConfiguration section */
		1DEB91AE08733DA50010E9CD /* Debug */ = {
			isa = XCBuildConfiguration;
			baseConfigurationReference = FE7084D21431172900B99A95 /* windows-i386-framework.xcconfig */;
			buildSettings = {
				DEBUG_INFORMATION_FORMAT = "dwarf-with-dsym";
				INFOPLIST_FILE = Info.plist;
				OTHER_CFLAGS = "-DCFNETWORK_INSIDE_BUILD";
				PRODUCT_NAME = CFNetwork;
				SDKROOT = "";
			};
			name = Debug;
		};
		1DEB91AF08733DA50010E9CD /* Release */ = {
			isa = XCBuildConfiguration;
			baseConfigurationReference = FE7084D21431172900B99A95 /* windows-i386-framework.xcconfig */;
			buildSettings = {
				DEBUG_INFORMATION_FORMAT = "dwarf-with-dsym";
				INFOPLIST_FILE = Info.plist;
				OTHER_CFLAGS = "-DCFNETWORK_INSIDE_BUILD";
				PRODUCT_NAME = CFNetwork;
				SDKROOT = "";
			};
			name = Release;
		};
		1DEB91B208733DA50010E9CD /* Debug */ = {
			isa = XCBuildConfiguration;
			buildSettings = {
			};
			name = Debug;
		};
		1DEB91B308733DA50010E9CD /* Release */ = {
			isa = XCBuildConfiguration;
			buildSettings = {
			};
			name = Release;
		};
		FE84930D119AF77F00E252CC /* Debug */ = {
			isa = XCBuildConfiguration;
			buildSettings = {
				ARCHS = i386;
				DEBUG_INFORMATION_FORMAT = "dwarf-with-dsym";
				DEPLOYMENT_LOCATION = YES;
				DEPLOYMENT_POSTPROCESSING = YES;
				DSTROOT = /;
				INFOPLIST_FILE = Info.plist;
				INSTALL_MODE_FLAG = "og-w,a+rX";
				INSTALL_PATH = /Developer/Cocotron/1.0/FreeBSD/i386/Frameworks;
				OTHER_CFLAGS = "-DCFNETWORK_INSIDE_BUILD";
				PRODUCT_NAME = CFNetwork;
				SDKROOT = "";
				STRIP_INSTALLED_PRODUCT = YES;
				SYMROOT = build/FreeBSD/i386;
			};
			name = Debug;
		};
		FE84930E119AF77F00E252CC /* Release */ = {
			isa = XCBuildConfiguration;
			buildSettings = {
				ARCHS = i386;
				DEBUG_INFORMATION_FORMAT = "dwarf-with-dsym";
				DEPLOYMENT_LOCATION = YES;
				DEPLOYMENT_POSTPROCESSING = YES;
				DSTROOT = /;
				INFOPLIST_FILE = Info.plist;
				INSTALL_MODE_FLAG = "og-w,a+rX";
				INSTALL_PATH = /Developer/Cocotron/1.0/FreeBSD/i386/Frameworks;
				OTHER_CFLAGS = "-DCFNETWORK_INSIDE_BUILD";
				PRODUCT_NAME = CFNetwork;
				SDKROOT = "";
				STRIP_INSTALLED_PRODUCT = YES;
				SYMROOT = build/FreeBSD/i386;
			};
			name = Release;
		};
		FEA752F1114EB30B00AF634E /* Debug */ = {
			isa = XCBuildConfiguration;
			buildSettings = {
				ARCHS = i386;
				DEBUG_INFORMATION_FORMAT = "dwarf-with-dsym";
				DEPLOYMENT_LOCATION = YES;
				DEPLOYMENT_POSTPROCESSING = YES;
				DSTROOT = /;
				INFOPLIST_FILE = Info.plist;
				INSTALL_MODE_FLAG = "og-w,a+rX";
				INSTALL_PATH = /Developer/Cocotron/1.0/Linux/i386/Frameworks;
				OTHER_CFLAGS = "-DCFNETWORK_INSIDE_BUILD";
				PRODUCT_NAME = CFNetwork;
				SDKROOT = "";
				STRIP_INSTALLED_PRODUCT = YES;
				SYMROOT = build/Linux/i386;
			};
			name = Debug;
		};
		FEA752F2114EB30B00AF634E /* Release */ = {
			isa = XCBuildConfiguration;
			buildSettings = {
				ARCHS = i386;
				DEBUG_INFORMATION_FORMAT = "dwarf-with-dsym";
				DEPLOYMENT_LOCATION = YES;
				DEPLOYMENT_POSTPROCESSING = YES;
				DSTROOT = /;
				INFOPLIST_FILE = Info.plist;
				INSTALL_MODE_FLAG = "og-w,a+rX";
				INSTALL_PATH = /Developer/Cocotron/1.0/Linux/i386/Frameworks;
				OTHER_CFLAGS = "-DCFNETWORK_INSIDE_BUILD";
				PRODUCT_NAME = CFNetwork;
				SDKROOT = "";
				STRIP_INSTALLED_PRODUCT = YES;
				SYMROOT = build/Linux/i386;
			};
			name = Release;
		};
		FEC32E3E115909B30008ECE5 /* Debug */ = {
			isa = XCBuildConfiguration;
			buildSettings = {
				ARCHS = i386;
				DEBUG_INFORMATION_FORMAT = "dwarf-with-dsym";
				DEPLOYMENT_LOCATION = YES;
				DEPLOYMENT_POSTPROCESSING = YES;
				DSTROOT = /;
				INFOPLIST_FILE = Info.plist;
				INSTALL_MODE_FLAG = "og-w,a+rX";
				INSTALL_PATH = /Developer/Cocotron/1.0/Darwin/i386/Frameworks;
				OTHER_CFLAGS = "-DCFNETWORK_INSIDE_BUILD";
				PRODUCT_NAME = CFNetwork;
				SDKROOT = "";
				STRIP_INSTALLED_PRODUCT = YES;
				SYMROOT = build/Darwin/i386;
			};
			name = Debug;
		};
		FEC32E3F115909B30008ECE5 /* Release */ = {
			isa = XCBuildConfiguration;
			buildSettings = {
				ARCHS = i386;
				DEBUG_INFORMATION_FORMAT = "dwarf-with-dsym";
				DEPLOYMENT_LOCATION = YES;
				DEPLOYMENT_POSTPROCESSING = YES;
				DSTROOT = /;
				INFOPLIST_FILE = Info.plist;
				INSTALL_MODE_FLAG = "og-w,a+rX";
				INSTALL_PATH = /Developer/Cocotron/1.0/Darwin/i386/Frameworks;
				OTHER_CFLAGS = "-DCFNETWORK_INSIDE_BUILD";
				PRODUCT_NAME = CFNetwork;
				SDKROOT = "";
				STRIP_INSTALLED_PRODUCT = YES;
				SYMROOT = build/Darwin/i386;
			};
			name = Release;
		};
/* End XCBuildConfiguration section */

/* Begin XCConfigurationList section */
		1DEB91AD08733DA50010E9CD /* Build configuration list for PBXNativeTarget "CFNetwork-Windows-i386" */ = {
			isa = XCConfigurationList;
			buildConfigurations = (
				1DEB91AE08733DA50010E9CD /* Debug */,
				1DEB91AF08733DA50010E9CD /* Release */,
			);
			defaultConfigurationIsVisible = 0;
			defaultConfigurationName = Release;
		};
		1DEB91B108733DA50010E9CD /* Build configuration list for PBXProject "CFNetwork" */ = {
			isa = XCConfigurationList;
			buildConfigurations = (
				1DEB91B208733DA50010E9CD /* Debug */,
				1DEB91B308733DA50010E9CD /* Release */,
			);
			defaultConfigurationIsVisible = 0;
			defaultConfigurationName = Release;
		};
		FE84930C119AF77F00E252CC /* Build configuration list for PBXNativeTarget "CFNetwork-FreeBSD-i386" */ = {
			isa = XCConfigurationList;
			buildConfigurations = (
				FE84930D119AF77F00E252CC /* Debug */,
				FE84930E119AF77F00E252CC /* Release */,
			);
			defaultConfigurationIsVisible = 0;
			defaultConfigurationName = Release;
		};
		FEA752F0114EB30B00AF634E /* Build configuration list for PBXNativeTarget "CFNetwork-Linux-i386" */ = {
			isa = XCConfigurationList;
			buildConfigurations = (
				FEA752F1114EB30B00AF634E /* Debug */,
				FEA752F2114EB30B00AF634E /* Release */,
			);
			defaultConfigurationIsVisible = 0;
			defaultConfigurationName = Release;
		};
		FEC32E3D115909B30008ECE5 /* Build configuration list for PBXNativeTarget "CFNetwork-Darwin-i386" */ = {
			isa = XCConfigurationList;
			buildConfigurations = (
				FEC32E3E115909B30008ECE5 /* Debug */,
				FEC32E3F115909B30008ECE5 /* Release */,
			);
			defaultConfigurationIsVisible = 0;
			defaultConfigurationName = Release;
		};
/* End XCConfigurationList section */
	};
	rootObject = 0867D690FE84028FC02AAC07 /* Project object */;
}
