// !$*UTF8*$!
{
	archiveVersion = 1;
	classes = {
	};
	objectVersion = 46;
	objects = {

/* Begin PBXBuildFile section */
		CF652CFB1B116D6A0090D2FE /* objc_arc.h in Headers */ = {isa = PBXBuildFile; fileRef = CF652CFA1B116D6A0090D2FE /* objc_arc.h */; settings = {ATTRIBUTES = (Private, ); }; };
		CF7FA2021B1800C600840DB1 /* dyld.h in Headers */ = {isa = PBXBuildFile; fileRef = CF7FA2011B1800C600840DB1 /* dyld.h */; settings = {ATTRIBUTES = (Private, ); }; };
		FE01A5810C5D9B3100AEA51A /* objc-class.h in Headers */ = {isa = PBXBuildFile; fileRef = FE4034B90B42F24C00CEC41A /* objc-class.h */; settings = {ATTRIBUTES = (Public, ); }; };
		FE01A5820C5D9B3100AEA51A /* objc.h in Headers */ = {isa = PBXBuildFile; fileRef = FE4034CE0B42F2C400CEC41A /* objc.h */; settings = {ATTRIBUTES = (Public, ); }; };
		FE01A5830C5D9B3100AEA51A /* objc-export.h in Headers */ = {isa = PBXBuildFile; fileRef = FEB6CBF90B4A1584004FADF2 /* objc-export.h */; settings = {ATTRIBUTES = (Public, ); }; };
		FE01A5840C5D9B3100AEA51A /* objc-runtime.h in Headers */ = {isa = PBXBuildFile; fileRef = FE85F6AA0BBF51D400E9C25C /* objc-runtime.h */; settings = {ATTRIBUTES = (Public, ); }; };
		FE13449A1151B89600404745 /* objc_cache.h in Headers */ = {isa = PBXBuildFile; fileRef = FE1344481151B89600404745 /* objc_cache.h */; };
		FE13449B1151B89600404745 /* objc_class.h in Headers */ = {isa = PBXBuildFile; fileRef = FE1344491151B89600404745 /* objc_class.h */; };
		FE13449C1151B89600404745 /* objc_debugHelpers.h in Headers */ = {isa = PBXBuildFile; fileRef = FE13444B1151B89600404745 /* objc_debugHelpers.h */; };
		FE13449D1151B89600404745 /* objc_object.h in Headers */ = {isa = PBXBuildFile; fileRef = FE1344511151B89600404745 /* objc_object.h */; };
		FE13449E1151B89600404745 /* objc_protocol.h in Headers */ = {isa = PBXBuildFile; fileRef = FE1344541151B89600404745 /* objc_protocol.h */; };
		FE13449F1151B89600404745 /* objc_sel.h in Headers */ = {isa = PBXBuildFile; fileRef = FE1344561151B89600404745 /* objc_sel.h */; };
		FE1344A01151B89600404745 /* ObjCArray.h in Headers */ = {isa = PBXBuildFile; fileRef = FE1344591151B89600404745 /* ObjCArray.h */; };
		FE1344A11151B89600404745 /* ObjCDynamicModule.h in Headers */ = {isa = PBXBuildFile; fileRef = FE13445B1151B89600404745 /* ObjCDynamicModule.h */; };
		FE1344A31151B89600404745 /* ObjCHashTable.h in Headers */ = {isa = PBXBuildFile; fileRef = FE13445F1151B89600404745 /* ObjCHashTable.h */; };
		FE1344A41151B89600404745 /* ObjCModule.h in Headers */ = {isa = PBXBuildFile; fileRef = FE1344611151B89600404745 /* ObjCModule.h */; };
		FE6CF83011526D3000B6D893 /* objc_malloc.h in Headers */ = {isa = PBXBuildFile; fileRef = FE6CF82A11526D3000B6D893 /* objc_malloc.h */; };
		FE74346310A8A61B004CDF00 /* objc-auto.h in Headers */ = {isa = PBXBuildFile; fileRef = FE74345E10A8A61B004CDF00 /* objc-auto.h */; settings = {ATTRIBUTES = (Public, ); }; };
		FE88A1DA0F88F8D00081CFC1 /* runtime.h in Headers */ = {isa = PBXBuildFile; fileRef = FE88A1D90F88F8D00081CFC1 /* runtime.h */; settings = {ATTRIBUTES = (Public, ); }; };
		FE88A1EC0F891B440081CFC1 /* message.h in Headers */ = {isa = PBXBuildFile; fileRef = FE88A1EB0F891B440081CFC1 /* message.h */; settings = {ATTRIBUTES = (Public, ); }; };
		FE88A1F60F891D970081CFC1 /* deprecated.h in Headers */ = {isa = PBXBuildFile; fileRef = FE88A1F50F891D970081CFC1 /* deprecated.h */; settings = {ATTRIBUTES = (Public, ); }; };
		FEDB75C70F8A9EFE00AC545D /* Object.h in Headers */ = {isa = PBXBuildFile; fileRef = FEDB75C50F8A9EFE00AC545D /* Object.h */; settings = {ATTRIBUTES = (Public, ); }; };
		FEDB75C80F8A9EFE00AC545D /* Protocol.h in Headers */ = {isa = PBXBuildFile; fileRef = FEDB75C60F8A9EFE00AC545D /* Protocol.h */; settings = {ATTRIBUTES = (Public, ); }; };
/* End PBXBuildFile section */

/* Begin PBXFileReference section */
		7E5E81C21B78382100E03F1E /* objc_exception.m */ = {isa = PBXFileReference; lastKnownFileType = sourcecode.c.objc; path = objc_exception.m; sourceTree = "<group>"; };
		8DC2EF5A0486A6940098B216 /* Info.plist */ = {isa = PBXFileReference; fileEncoding = 4; lastKnownFileType = text.plist; path = Info.plist; sourceTree = "<group>"; };
		C6065BB0163575CC0007217E /* objc_association.m */ = {isa = PBXFileReference; fileEncoding = 4; lastKnownFileType = sourcecode.c.objc; path = objc_association.m; sourceTree = "<group>"; };
		CF652CFA1B116D6A0090D2FE /* objc_arc.h */ = {isa = PBXFileReference; fileEncoding = 4; lastKnownFileType = sourcecode.c.h; path = objc_arc.h; sourceTree = "<group>"; };
		CF7FA2011B1800C600840DB1 /* dyld.h */ = {isa = PBXFileReference; fileEncoding = 4; lastKnownFileType = sourcecode.c.h; path = dyld.h; sourceTree = "<group>"; };
		FE01A5890C5D9B3100AEA51A /* objc.framework */ = {isa = PBXFileReference; explicitFileType = wrapper.framework; includeInIndex = 0; path = objc.framework; sourceTree = BUILT_PRODUCTS_DIR; };
		FE1344481151B89600404745 /* objc_cache.h */ = {isa = PBXFileReference; fileEncoding = 4; lastKnownFileType = sourcecode.c.h; path = objc_cache.h; sourceTree = "<group>"; };
		FE1344491151B89600404745 /* objc_class.h */ = {isa = PBXFileReference; fileEncoding = 4; lastKnownFileType = sourcecode.c.h; path = objc_class.h; sourceTree = "<group>"; };
		FE13444A1151B89600404745 /* objc_class.c */ = {isa = PBXFileReference; fileEncoding = 4; lastKnownFileType = sourcecode.c.c; path = objc_class.c; sourceTree = "<group>"; };
		FE13444B1151B89600404745 /* objc_debugHelpers.h */ = {isa = PBXFileReference; fileEncoding = 4; lastKnownFileType = sourcecode.c.h; path = objc_debugHelpers.h; sourceTree = "<group>"; };
		FE13444C1151B89600404745 /* objc_debugHelpers.m */ = {isa = PBXFileReference; fileEncoding = 4; lastKnownFileType = sourcecode.c.objc; path = objc_debugHelpers.m; sourceTree = "<group>"; };
		FE13444D1151B89600404745 /* objc_functions.c */ = {isa = PBXFileReference; fileEncoding = 4; lastKnownFileType = sourcecode.c.c; path = objc_functions.c; sourceTree = "<group>"; };
		FE13444E1151B89600404745 /* objc_ivar.c */ = {isa = PBXFileReference; fileEncoding = 4; lastKnownFileType = sourcecode.c.c; path = objc_ivar.c; sourceTree = "<group>"; };
		FE13444F1151B89600404745 /* objc_method.c */ = {isa = PBXFileReference; fileEncoding = 4; lastKnownFileType = sourcecode.c.c; path = objc_method.c; sourceTree = "<group>"; };
		FE1344501151B89600404745 /* objc_msg_lookup.c */ = {isa = PBXFileReference; fileEncoding = 4; lastKnownFileType = sourcecode.c.c; path = objc_msg_lookup.c; sourceTree = "<group>"; };
		FE1344511151B89600404745 /* objc_object.h */ = {isa = PBXFileReference; fileEncoding = 4; lastKnownFileType = sourcecode.c.h; path = objc_object.h; sourceTree = "<group>"; };
		FE1344521151B89600404745 /* objc_object.c */ = {isa = PBXFileReference; fileEncoding = 4; lastKnownFileType = sourcecode.c.c; path = objc_object.c; sourceTree = "<group>"; };
		FE1344531151B89600404745 /* objc_property.c */ = {isa = PBXFileReference; fileEncoding = 4; lastKnownFileType = sourcecode.c.c; path = objc_property.c; sourceTree = "<group>"; };
		FE1344541151B89600404745 /* objc_protocol.h */ = {isa = PBXFileReference; fileEncoding = 4; lastKnownFileType = sourcecode.c.h; path = objc_protocol.h; sourceTree = "<group>"; };
		FE1344551151B89600404745 /* objc_protocol.c */ = {isa = PBXFileReference; fileEncoding = 4; lastKnownFileType = sourcecode.c.c; path = objc_protocol.c; sourceTree = "<group>"; };
		FE1344561151B89600404745 /* objc_sel.h */ = {isa = PBXFileReference; fileEncoding = 4; lastKnownFileType = sourcecode.c.h; path = objc_sel.h; sourceTree = "<group>"; };
		FE1344571151B89600404745 /* objc_sel.c */ = {isa = PBXFileReference; fileEncoding = 4; lastKnownFileType = sourcecode.c.c; path = objc_sel.c; sourceTree = "<group>"; };
		FE1344581151B89600404745 /* objc.m */ = {isa = PBXFileReference; fileEncoding = 4; lastKnownFileType = sourcecode.c.objc; path = objc.m; sourceTree = "<group>"; };
		FE1344591151B89600404745 /* ObjCArray.h */ = {isa = PBXFileReference; fileEncoding = 4; lastKnownFileType = sourcecode.c.h; path = ObjCArray.h; sourceTree = "<group>"; };
		FE13445A1151B89600404745 /* ObjCArray.c */ = {isa = PBXFileReference; fileEncoding = 4; lastKnownFileType = sourcecode.c.c; path = ObjCArray.c; sourceTree = "<group>"; };
		FE13445B1151B89600404745 /* ObjCDynamicModule.h */ = {isa = PBXFileReference; fileEncoding = 4; lastKnownFileType = sourcecode.c.h; path = ObjCDynamicModule.h; sourceTree = "<group>"; };
		FE13445C1151B89600404745 /* ObjCDynamicModule.c */ = {isa = PBXFileReference; fileEncoding = 4; lastKnownFileType = sourcecode.c.c; path = ObjCDynamicModule.c; sourceTree = "<group>"; };
		FE13445F1151B89600404745 /* ObjCHashTable.h */ = {isa = PBXFileReference; fileEncoding = 4; lastKnownFileType = sourcecode.c.h; path = ObjCHashTable.h; sourceTree = "<group>"; };
		FE1344601151B89600404745 /* ObjCHashTable.c */ = {isa = PBXFileReference; fileEncoding = 4; lastKnownFileType = sourcecode.c.c; path = ObjCHashTable.c; sourceTree = "<group>"; };
		FE1344611151B89600404745 /* ObjCModule.h */ = {isa = PBXFileReference; fileEncoding = 4; lastKnownFileType = sourcecode.c.h; path = ObjCModule.h; sourceTree = "<group>"; };
		FE1344621151B89600404745 /* ObjCModule.c */ = {isa = PBXFileReference; fileEncoding = 4; lastKnownFileType = sourcecode.c.c; path = ObjCModule.c; sourceTree = "<group>"; };
		FE1344631151B89600404745 /* Object.m */ = {isa = PBXFileReference; fileEncoding = 4; lastKnownFileType = sourcecode.c.objc; path = Object.m; sourceTree = "<group>"; };
		FE1344651151B89600404745 /* objc_msgSend-darwin-i386.s */ = {isa = PBXFileReference; fileEncoding = 4; lastKnownFileType = sourcecode.asm; path = "objc_msgSend-darwin-i386.s"; sourceTree = "<group>"; };
		FE1344661151B89600404745 /* objc_msgSend-darwin-ppc.s */ = {isa = PBXFileReference; fileEncoding = 4; lastKnownFileType = sourcecode.asm; path = "objc_msgSend-darwin-ppc.s"; sourceTree = "<group>"; };
		FE1344691151B89600404745 /* objc-msgsend.s */ = {isa = PBXFileReference; fileEncoding = 4; lastKnownFileType = sourcecode.asm; path = "objc-msgsend.s"; sourceTree = "<group>"; };
		FE13446C1151B89600404745 /* objc-msgsend.s */ = {isa = PBXFileReference; fileEncoding = 4; lastKnownFileType = sourcecode.asm; path = "objc-msgsend.s"; sourceTree = "<group>"; };
		FE13446D1151B89600404745 /* Protocol.m */ = {isa = PBXFileReference; fileEncoding = 4; lastKnownFileType = sourcecode.c.objc; path = Protocol.m; sourceTree = "<group>"; };
		FE4034B90B42F24C00CEC41A /* objc-class.h */ = {isa = PBXFileReference; fileEncoding = 4; lastKnownFileType = sourcecode.c.h; path = "objc-class.h"; sourceTree = "<group>"; };
		FE4034CE0B42F2C400CEC41A /* objc.h */ = {isa = PBXFileReference; fileEncoding = 4; lastKnownFileType = sourcecode.c.h; path = objc.h; sourceTree = "<group>"; };
		FE6CF82A11526D3000B6D893 /* objc_malloc.h */ = {isa = PBXFileReference; fileEncoding = 4; lastKnownFileType = sourcecode.c.h; path = objc_malloc.h; sourceTree = "<group>"; };
		FE6CF82B11526D3000B6D893 /* objc_malloc.c */ = {isa = PBXFileReference; fileEncoding = 4; lastKnownFileType = sourcecode.c.c; path = objc_malloc.c; sourceTree = "<group>"; };
		FE7086CF1431182900B99A95 /* windows-i386-framework.xcconfig */ = {isa = PBXFileReference; fileEncoding = 4; lastKnownFileType = text.xcconfig; path = "windows-i386-framework.xcconfig"; sourceTree = "<group>"; };
		FE74345E10A8A61B004CDF00 /* objc-auto.h */ = {isa = PBXFileReference; fileEncoding = 4; lastKnownFileType = sourcecode.c.h; path = "objc-auto.h"; sourceTree = "<group>"; };
		FE85F6AA0BBF51D400E9C25C /* objc-runtime.h */ = {isa = PBXFileReference; fileEncoding = 30; lastKnownFileType = sourcecode.c.h; path = "objc-runtime.h"; sourceTree = "<group>"; };
		FE88A1D90F88F8D00081CFC1 /* runtime.h */ = {isa = PBXFileReference; fileEncoding = 4; lastKnownFileType = sourcecode.c.h; path = runtime.h; sourceTree = "<group>"; };
		FE88A1EB0F891B440081CFC1 /* message.h */ = {isa = PBXFileReference; fileEncoding = 4; lastKnownFileType = sourcecode.c.h; path = message.h; sourceTree = "<group>"; };
		FE88A1F50F891D970081CFC1 /* deprecated.h */ = {isa = PBXFileReference; fileEncoding = 4; lastKnownFileType = sourcecode.c.h; path = deprecated.h; sourceTree = "<group>"; };
		FEB6CBF90B4A1584004FADF2 /* objc-export.h */ = {isa = PBXFileReference; fileEncoding = 4; lastKnownFileType = sourcecode.c.h; path = "objc-export.h"; sourceTree = "<group>"; };
		FEC0A3C117093597002A60B7 /* darwin-i386-framework.xcconfig */ = {isa = PBXFileReference; fileEncoding = 4; lastKnownFileType = text.xcconfig; path = "darwin-i386-framework.xcconfig"; sourceTree = "<group>"; };
		FEC0A3C217093597002A60B7 /* darwin-ppc-framework.xcconfig */ = {isa = PBXFileReference; fileEncoding = 4; lastKnownFileType = text.xcconfig; path = "darwin-ppc-framework.xcconfig"; sourceTree = "<group>"; };
		FEC0A3C317093597002A60B7 /* darwin-x86_64-framework.xcconfig */ = {isa = PBXFileReference; fileEncoding = 4; lastKnownFileType = text.xcconfig; path = "darwin-x86_64-framework.xcconfig"; sourceTree = "<group>"; };
		FEC0A3C417093597002A60B7 /* freebsd-i386-framework.xcconfig */ = {isa = PBXFileReference; fileEncoding = 4; lastKnownFileType = text.xcconfig; path = "freebsd-i386-framework.xcconfig"; sourceTree = "<group>"; };
		FEC0A3C517093597002A60B7 /* linux-arm-framework.xcconfig */ = {isa = PBXFileReference; fileEncoding = 4; lastKnownFileType = text.xcconfig; path = "linux-arm-framework.xcconfig"; sourceTree = "<group>"; };
		FEC0A3C617093597002A60B7 /* linux-i386-framework.xcconfig */ = {isa = PBXFileReference; fileEncoding = 4; lastKnownFileType = text.xcconfig; path = "linux-i386-framework.xcconfig"; sourceTree = "<group>"; };
		FEC0A3C717093597002A60B7 /* linux-ppc-framework.xcconfig */ = {isa = PBXFileReference; fileEncoding = 4; lastKnownFileType = text.xcconfig; path = "linux-ppc-framework.xcconfig"; sourceTree = "<group>"; };
		FEC0A3C917093597002A60B7 /* solaris-sparc-framework.xcconfig */ = {isa = PBXFileReference; fileEncoding = 4; lastKnownFileType = text.xcconfig; path = "solaris-sparc-framework.xcconfig"; sourceTree = "<group>"; };
		FEDB75C50F8A9EFE00AC545D /* Object.h */ = {isa = PBXFileReference; fileEncoding = 4; lastKnownFileType = sourcecode.c.h; path = Object.h; sourceTree = "<group>"; };
		FEDB75C60F8A9EFE00AC545D /* Protocol.h */ = {isa = PBXFileReference; fileEncoding = 4; lastKnownFileType = sourcecode.c.h; path = Protocol.h; sourceTree = "<group>"; };
/* End PBXFileReference section */

/* Begin PBXGroup section */
		034768DFFF38A50411DB9C8B /* Products */ = {
			isa = PBXGroup;
			children = (
				FE01A5890C5D9B3100AEA51A /* objc.framework */,
			);
			name = Products;
			sourceTree = "<group>";
		};
		0867D691FE84028FC02AAC07 /* objc */ = {
			isa = PBXGroup;
			children = (
				CF7FA2011B1800C600840DB1 /* dyld.h */,
				C6065BB0163575CC0007217E /* objc_association.m */,
				FE1E53B4143029F7000D60A1 /* xcconfig */,
				FE6CF82A11526D3000B6D893 /* objc_malloc.h */,
				FE6CF82B11526D3000B6D893 /* objc_malloc.c */,
				FE88A1F50F891D970081CFC1 /* deprecated.h */,
				0867D69AFE84028FC02AAC07 /* External Frameworks and Libraries */,
				FE88A1EB0F891B440081CFC1 /* message.h */,
				FE74345E10A8A61B004CDF00 /* objc-auto.h */,
				FE4034B90B42F24C00CEC41A /* objc-class.h */,
				CF652CFA1B116D6A0090D2FE /* objc_arc.h */,
				FEB6CBF90B4A1584004FADF2 /* objc-export.h */,
				FE85F6AA0BBF51D400E9C25C /* objc-runtime.h */,
				FE4034CE0B42F2C400CEC41A /* objc.h */,
				FE1344581151B89600404745 /* objc.m */,
				FE1344481151B89600404745 /* objc_cache.h */,
				FE1344491151B89600404745 /* objc_class.h */,
				FE13444A1151B89600404745 /* objc_class.c */,
				FE13444B1151B89600404745 /* objc_debugHelpers.h */,
				FE13444C1151B89600404745 /* objc_debugHelpers.m */,
				7E5E81C21B78382100E03F1E /* objc_exception.m */,
				FE13444D1151B89600404745 /* objc_functions.c */,
				FE13444E1151B89600404745 /* objc_ivar.c */,
				FE13444F1151B89600404745 /* objc_method.c */,
				FE1344501151B89600404745 /* objc_msg_lookup.c */,
				FE1344511151B89600404745 /* objc_object.h */,
				FE1344521151B89600404745 /* objc_object.c */,
				FE1344531151B89600404745 /* objc_property.c */,
				FE1344541151B89600404745 /* objc_protocol.h */,
				FE1344551151B89600404745 /* objc_protocol.c */,
				FE1344561151B89600404745 /* objc_sel.h */,
				FE1344571151B89600404745 /* objc_sel.c */,
				FE1344591151B89600404745 /* ObjCArray.h */,
				FE13445A1151B89600404745 /* ObjCArray.c */,
				FE13445B1151B89600404745 /* ObjCDynamicModule.h */,
				FE13445C1151B89600404745 /* ObjCDynamicModule.c */,
				FE13445F1151B89600404745 /* ObjCHashTable.h */,
				FE1344601151B89600404745 /* ObjCHashTable.c */,
				FE1344611151B89600404745 /* ObjCModule.h */,
				FE1344621151B89600404745 /* ObjCModule.c */,
				FEDB75C50F8A9EFE00AC545D /* Object.h */,
				FE1344631151B89600404745 /* Object.m */,
				FE1344641151B89600404745 /* platform_darwin */,
				FE1344681151B89600404745 /* platform_linux */,
				FE13446A1151B89600404745 /* platform_solaris */,
				FE13446B1151B89600404745 /* platform_windows */,
				034768DFFF38A50411DB9C8B /* Products */,
				FEDB75C60F8A9EFE00AC545D /* Protocol.h */,
				FE13446D1151B89600404745 /* Protocol.m */,
				089C1665FE841158C02AAC07 /* Resources */,
				FE88A1D90F88F8D00081CFC1 /* runtime.h */,
			);
			name = objc;
			sourceTree = "<group>";
		};
		0867D69AFE84028FC02AAC07 /* External Frameworks and Libraries */ = {
			isa = PBXGroup;
			children = (
				1058C7B0FEA5585E11CA2CBB /* Linked Frameworks */,
				1058C7B2FEA5585E11CA2CBB /* Other Frameworks */,
			);
			name = "External Frameworks and Libraries";
			sourceTree = "<group>";
		};
		089C1665FE841158C02AAC07 /* Resources */ = {
			isa = PBXGroup;
			children = (
				8DC2EF5A0486A6940098B216 /* Info.plist */,
			);
			name = Resources;
			sourceTree = "<group>";
		};
		1058C7B0FEA5585E11CA2CBB /* Linked Frameworks */ = {
			isa = PBXGroup;
			children = (
			);
			name = "Linked Frameworks";
			sourceTree = "<group>";
		};
		1058C7B2FEA5585E11CA2CBB /* Other Frameworks */ = {
			isa = PBXGroup;
			children = (
			);
			name = "Other Frameworks";
			sourceTree = "<group>";
		};
		FE1344641151B89600404745 /* platform_darwin */ = {
			isa = PBXGroup;
			children = (
				FE1344651151B89600404745 /* objc_msgSend-darwin-i386.s */,
				FE1344661151B89600404745 /* objc_msgSend-darwin-ppc.s */,
			);
			path = platform_darwin;
			sourceTree = "<group>";
		};
		FE1344681151B89600404745 /* platform_linux */ = {
			isa = PBXGroup;
			children = (
				FE1344691151B89600404745 /* objc-msgsend.s */,
			);
			path = platform_linux;
			sourceTree = "<group>";
		};
		FE13446A1151B89600404745 /* platform_solaris */ = {
			isa = PBXGroup;
			children = (
			);
			path = platform_solaris;
			sourceTree = "<group>";
		};
		FE13446B1151B89600404745 /* platform_windows */ = {
			isa = PBXGroup;
			children = (
				FE13446C1151B89600404745 /* objc-msgsend.s */,
			);
			path = platform_windows;
			sourceTree = "<group>";
		};
		FE1E53B4143029F7000D60A1 /* xcconfig */ = {
			isa = PBXGroup;
			children = (
				FEC0A3C117093597002A60B7 /* darwin-i386-framework.xcconfig */,
				FEC0A3C217093597002A60B7 /* darwin-ppc-framework.xcconfig */,
				FEC0A3C317093597002A60B7 /* darwin-x86_64-framework.xcconfig */,
				FEC0A3C417093597002A60B7 /* freebsd-i386-framework.xcconfig */,
				FEC0A3C517093597002A60B7 /* linux-arm-framework.xcconfig */,
				FEC0A3C617093597002A60B7 /* linux-i386-framework.xcconfig */,
				FEC0A3C717093597002A60B7 /* linux-ppc-framework.xcconfig */,
				FEC0A3C917093597002A60B7 /* solaris-sparc-framework.xcconfig */,
				FE7086CF1431182900B99A95 /* windows-i386-framework.xcconfig */,
			);
			name = xcconfig;
			path = ../xcconfig;
			sourceTree = SOURCE_ROOT;
		};
/* End PBXGroup section */

/* Begin PBXHeadersBuildPhase section */
		FE01A5800C5D9B3100AEA51A /* Headers */ = {
			isa = PBXHeadersBuildPhase;
			buildActionMask = 2147483647;
			files = (
				FE01A5810C5D9B3100AEA51A /* objc-class.h in Headers */,
				CF7FA2021B1800C600840DB1 /* dyld.h in Headers */,
				FE01A5820C5D9B3100AEA51A /* objc.h in Headers */,
				FE01A5830C5D9B3100AEA51A /* objc-export.h in Headers */,
				FE01A5840C5D9B3100AEA51A /* objc-runtime.h in Headers */,
				FE88A1DA0F88F8D00081CFC1 /* runtime.h in Headers */,
				FE88A1EC0F891B440081CFC1 /* message.h in Headers */,
				FE88A1F60F891D970081CFC1 /* deprecated.h in Headers */,
				FEDB75C70F8A9EFE00AC545D /* Object.h in Headers */,
				FEDB75C80F8A9EFE00AC545D /* Protocol.h in Headers */,
				FE74346310A8A61B004CDF00 /* objc-auto.h in Headers */,
				CF652CFB1B116D6A0090D2FE /* objc_arc.h in Headers */,
				FE13449A1151B89600404745 /* objc_cache.h in Headers */,
				FE13449B1151B89600404745 /* objc_class.h in Headers */,
				FE13449C1151B89600404745 /* objc_debugHelpers.h in Headers */,
				FE13449D1151B89600404745 /* objc_object.h in Headers */,
				FE13449E1151B89600404745 /* objc_protocol.h in Headers */,
				FE13449F1151B89600404745 /* objc_sel.h in Headers */,
				FE1344A01151B89600404745 /* ObjCArray.h in Headers */,
				FE1344A11151B89600404745 /* ObjCDynamicModule.h in Headers */,
				FE1344A31151B89600404745 /* ObjCHashTable.h in Headers */,
				FE1344A41151B89600404745 /* ObjCModule.h in Headers */,
				FE6CF83011526D3000B6D893 /* objc_malloc.h in Headers */,
			);
			runOnlyForDeploymentPostprocessing = 0;
		};
/* End PBXHeadersBuildPhase section */

/* Begin PBXNativeTarget section */
		FE01A57F0C5D9B3100AEA51A /* objc */ = {
			isa = PBXNativeTarget;
			buildConfigurationList = FE01A5870C5D9B3100AEA51A /* Build configuration list for PBXNativeTarget "objc" */;
			buildPhases = (
				FE01A5800C5D9B3100AEA51A /* Headers */,
				FE01A5850C5D9B3100AEA51A /* Resources */,
			);
			buildRules = (
			);
			dependencies = (
			);
			name = objc;
			productInstallPath = "$(HOME)/Library/Frameworks";
			productName = objc;
			productReference = FE01A5890C5D9B3100AEA51A /* objc.framework */;
			productType = "com.apple.product-type.framework";
		};
/* End PBXNativeTarget section */

/* Begin PBXProject section */
		0867D690FE84028FC02AAC07 /* Project object */ = {
			isa = PBXProject;
			attributes = {
				LastUpgradeCheck = 0460;
			};
			buildConfigurationList = 1DEB91B108733DA50010E9CD /* Build configuration list for PBXProject "objc" */;
			compatibilityVersion = "Xcode 3.2";
			developmentRegion = English;
			hasScannedForEncodings = 1;
			knownRegions = (
				English,
				Japanese,
				French,
				German,
			);
			mainGroup = 0867D691FE84028FC02AAC07 /* objc */;
			productRefGroup = 034768DFFF38A50411DB9C8B /* Products */;
			projectDirPath = "";
			projectRoot = "";
			targets = (
				FE01A57F0C5D9B3100AEA51A /* objc */,
			);
		};
/* End PBXProject section */

/* Begin PBXResourcesBuildPhase section */
		FE01A5850C5D9B3100AEA51A /* Resources */ = {
			isa = PBXResourcesBuildPhase;
			buildActionMask = 2147483647;
			files = (
			);
			runOnlyForDeploymentPostprocessing = 0;
		};
/* End PBXResourcesBuildPhase section */

/* Begin XCBuildConfiguration section */
		1DEB91B308733DA50010E9CD /* Windows-i386 */ = {
			isa = XCBuildConfiguration;
			buildSettings = {
			};
			name = "Windows-i386";
		};
		7E891EBB0D4961EA008150D3 /* Linux-i386 */ = {
			isa = XCBuildConfiguration;
			baseConfigurationReference = FEC0A3C617093597002A60B7 /* linux-i386-framework.xcconfig */;
			buildSettings = {
				INFOPLIST_FILE = Info.plist;
				PRODUCT_NAME = objc;
			};
			name = "Linux-i386";
		};
		7E891EBC0D4961EA008150D3 /* Linux-i386 */ = {
			isa = XCBuildConfiguration;
			buildSettings = {
			};
			name = "Linux-i386";
		};
		CFC5B3CA1AF464BC00FBB52A /* Solaris-sparc */ = {
			isa = XCBuildConfiguration;
			buildSettings = {
			};
			name = "Solaris-sparc";
		};
		CFC5B3CB1AF464BC00FBB52A /* Solaris-sparc */ = {
			isa = XCBuildConfiguration;
			baseConfigurationReference = FEC0A3C917093597002A60B7 /* solaris-sparc-framework.xcconfig */;
			buildSettings = {
				INFOPLIST_FILE = Info.plist;
				PRODUCT_NAME = objc;
			};
			name = "Solaris-sparc";
		};
		CFC5B3D51AF464C300FBB52A /* Darwin-i386 */ = {
			isa = XCBuildConfiguration;
			buildSettings = {
			};
			name = "Darwin-i386";
		};
		CFC5B3D61AF464C300FBB52A /* Darwin-i386 */ = {
			isa = XCBuildConfiguration;
			baseConfigurationReference = FEC0A3C117093597002A60B7 /* darwin-i386-framework.xcconfig */;
			buildSettings = {
				INFOPLIST_FILE = Info.plist;
				PRODUCT_NAME = objc;
			};
			name = "Darwin-i386";
		};
		CFC5B3E01AF464D500FBB52A /* Darwin-x86_64 */ = {
			isa = XCBuildConfiguration;
			buildSettings = {
			};
			name = "Darwin-x86_64";
		};
		CFC5B3E11AF464D500FBB52A /* Darwin-x86_64 */ = {
			isa = XCBuildConfiguration;
			baseConfigurationReference = FEC0A3C317093597002A60B7 /* darwin-x86_64-framework.xcconfig */;
			buildSettings = {
				INFOPLIST_FILE = Info.plist;
				PRODUCT_NAME = objc;
			};
			name = "Darwin-x86_64";
		};
		CFC5B3EB1AF464E900FBB52A /* Linux-arm */ = {
			isa = XCBuildConfiguration;
			buildSettings = {
			};
			name = "Linux-arm";
		};
		CFC5B3EC1AF464E900FBB52A /* Linux-arm */ = {
			isa = XCBuildConfiguration;
			baseConfigurationReference = FEC0A3C517093597002A60B7 /* linux-arm-framework.xcconfig */;
			buildSettings = {
				INFOPLIST_FILE = Info.plist;
				PRODUCT_NAME = objc;
			};
			name = "Linux-arm";
		};
		CFC5B3F61AF464F600FBB52A /* FreeBSD-i386 */ = {
			isa = XCBuildConfiguration;
			buildSettings = {
			};
			name = "FreeBSD-i386";
		};
		CFC5B3F71AF464F600FBB52A /* FreeBSD-i386 */ = {
			isa = XCBuildConfiguration;
			baseConfigurationReference = FEC0A3C417093597002A60B7 /* freebsd-i386-framework.xcconfig */;
			buildSettings = {
				INFOPLIST_FILE = Info.plist;
				PRODUCT_NAME = objc;
			};
			name = "FreeBSD-i386";
		};
		FE01A5880C5D9B3100AEA51A /* Windows-i386 */ = {
			isa = XCBuildConfiguration;
			baseConfigurationReference = FE7086CF1431182900B99A95 /* windows-i386-framework.xcconfig */;
			buildSettings = {
				INFOPLIST_FILE = Info.plist;
				PRODUCT_NAME = objc;
			};
			name = "Windows-i386";
		};
/* End XCBuildConfiguration section */

/* Begin XCConfigurationList section */
		1DEB91B108733DA50010E9CD /* Build configuration list for PBXProject "objc" */ = {
			isa = XCConfigurationList;
			buildConfigurations = (
				1DEB91B308733DA50010E9CD /* Windows-i386 */,
				CFC5B3F61AF464F600FBB52A /* FreeBSD-i386 */,
				CFC5B3D51AF464C300FBB52A /* Darwin-i386 */,
				CFC5B3E01AF464D500FBB52A /* Darwin-x86_64 */,
				7E891EBC0D4961EA008150D3 /* Linux-i386 */,
				CFC5B3EB1AF464E900FBB52A /* Linux-arm */,
				CFC5B3CA1AF464BC00FBB52A /* Solaris-sparc */,
			);
			defaultConfigurationIsVisible = 0;
			defaultConfigurationName = "Windows-i386";
		};
		FE01A5870C5D9B3100AEA51A /* Build configuration list for PBXNativeTarget "objc" */ = {
			isa = XCConfigurationList;
			buildConfigurations = (
				FE01A5880C5D9B3100AEA51A /* Windows-i386 */,
				CFC5B3F71AF464F600FBB52A /* FreeBSD-i386 */,
				CFC5B3D61AF464C300FBB52A /* Darwin-i386 */,
				CFC5B3E11AF464D500FBB52A /* Darwin-x86_64 */,
				7E891EBB0D4961EA008150D3 /* Linux-i386 */,
				CFC5B3EC1AF464E900FBB52A /* Linux-arm */,
				CFC5B3CB1AF464BC00FBB52A /* Solaris-sparc */,
			);
			defaultConfigurationIsVisible = 0;
			defaultConfigurationName = "Windows-i386";
		};
/* End XCConfigurationList section */
	};
	rootObject = 0867D690FE84028FC02AAC07 /* Project object */;
}
