// !$*UTF8*$!
{
	archiveVersion = 1;
	classes = {
	};
	objectVersion = 42;
	objects = {

/* Begin PBXAggregateTarget section */
		FE7135E30B370ED7006C9493 /* TextEditor */ = {
			isa = PBXAggregateTarget;
			buildConfigurationList = FE7135EE0B370F3A006C9493 /* Build configuration list for PBXAggregateTarget "TextEditor" */;
			buildPhases = (
			);
			dependencies = (
				FE7135E50B370EDC006C9493 /* PBXTargetDependency */,
				FE7135E70B370EDF006C9493 /* PBXTargetDependency */,
			);
			name = TextEditor;
			productName = TextEditor;
		};
/* End PBXAggregateTarget section */

/* Begin PBXBuildFile section */
		8D15AC2C0486D014006FF6A4 /* Credits.rtf in Resources */ = {isa = PBXBuildFile; fileRef = 2A37F4B9FDCFA73011CA2CEA /* Credits.rtf */; };
		8D15AC2D0486D014006FF6A4 /* MainMenu.nib in Resources */ = {isa = PBXBuildFile; fileRef = 2A37F4B6FDCFA73011CA2CEA /* MainMenu.nib */; };
		8D15AC2E0486D014006FF6A4 /* MyDocument.nib in Resources */ = {isa = PBXBuildFile; fileRef = 2A37F4B4FDCFA73011CA2CEA /* MyDocument.nib */; };
		8D15AC310486D014006FF6A4 /* MyDocument.m in Sources */ = {isa = PBXBuildFile; fileRef = 2A37F4ACFDCFA73011CA2CEA /* MyDocument.m */; settings = {ATTRIBUTES = (); }; };
		8D15AC320486D014006FF6A4 /* main.m in Sources */ = {isa = PBXBuildFile; fileRef = 2A37F4B0FDCFA73011CA2CEA /* main.m */; settings = {ATTRIBUTES = (); }; };
		8D15AC340486D014006FF6A4 /* Cocoa.framework in Frameworks */ = {isa = PBXBuildFile; fileRef = 1058C7A7FEA54F5311CA2CBB /* Cocoa.framework */; };
		FE7CDD490B35D0450079F150 /* AppKit.framework in Frameworks */ = {isa = PBXBuildFile; fileRef = 2A37F4C4FDCFA73011CA2CEA /* AppKit.framework */; };
		FE7CDD4A0B35D0460079F150 /* Foundation.framework in Frameworks */ = {isa = PBXBuildFile; fileRef = 2A37F4C5FDCFA73011CA2CEA /* Foundation.framework */; };
		FEF2CA110B35153A005449C7 /* Credits.rtf in Resources */ = {isa = PBXBuildFile; fileRef = 2A37F4B9FDCFA73011CA2CEA /* Credits.rtf */; };
		FEF2CA120B35153A005449C7 /* MainMenu.nib in Resources */ = {isa = PBXBuildFile; fileRef = 2A37F4B6FDCFA73011CA2CEA /* MainMenu.nib */; };
		FEF2CA130B35153A005449C7 /* MyDocument.nib in Resources */ = {isa = PBXBuildFile; fileRef = 2A37F4B4FDCFA73011CA2CEA /* MyDocument.nib */; };
		FEF2CA160B35153A005449C7 /* MyDocument.m in Sources */ = {isa = PBXBuildFile; fileRef = 2A37F4ACFDCFA73011CA2CEA /* MyDocument.m */; settings = {ATTRIBUTES = (); }; };
		FEF2CA170B35153A005449C7 /* main.m in Sources */ = {isa = PBXBuildFile; fileRef = 2A37F4B0FDCFA73011CA2CEA /* main.m */; settings = {ATTRIBUTES = (); }; };
		FEF2CA190B35153A005449C7 /* Cocoa.framework in Frameworks */ = {isa = PBXBuildFile; fileRef = 1058C7A7FEA54F5311CA2CBB /* Cocoa.framework */; };
/* End PBXBuildFile section */

/* Begin PBXBuildRule section */
		FEF2CA500B351742005449C7 /* PBXBuildRule */ = {
			isa = PBXBuildRule;
			compilerSpec = org.cocotron.1.0.windows.i386.gcc.default;
			fileType = sourcecode.c;
			isEditable = 1;
			outputFiles = (
			);
		};
/* End PBXBuildRule section */

/* Begin PBXContainerItemProxy section */
		FE7135E40B370EDC006C9493 /* PBXContainerItemProxy */ = {
			isa = PBXContainerItemProxy;
			containerPortal = 2A37F4A9FDCFA73011CA2CEA /* Project object */;
			proxyType = 1;
			remoteGlobalIDString = 8D15AC270486D014006FF6A4;
			remoteInfo = "TextEditor-Mac";
		};
		FE7135E60B370EDF006C9493 /* PBXContainerItemProxy */ = {
			isa = PBXContainerItemProxy;
			containerPortal = 2A37F4A9FDCFA73011CA2CEA /* Project object */;
			proxyType = 1;
			remoteGlobalIDString = FEF2CA0F0B35153A005449C7;
			remoteInfo = "TextEditor-Windows";
		};
/* End PBXContainerItemProxy section */

/* Begin PBXFileReference section */
		1058C7A7FEA54F5311CA2CBB /* Cocoa.framework */ = {isa = PBXFileReference; lastKnownFileType = wrapper.framework; name = Cocoa.framework; path = /System/Library/Frameworks/Cocoa.framework; sourceTree = "<absolute>"; };
		2A37F4ACFDCFA73011CA2CEA /* MyDocument.m */ = {isa = PBXFileReference; fileEncoding = 4; lastKnownFileType = sourcecode.c.objc; path = MyDocument.m; sourceTree = "<group>"; };
		2A37F4AEFDCFA73011CA2CEA /* MyDocument.h */ = {isa = PBXFileReference; fileEncoding = 4; lastKnownFileType = sourcecode.c.h; path = MyDocument.h; sourceTree = "<group>"; };
		2A37F4B0FDCFA73011CA2CEA /* main.m */ = {isa = PBXFileReference; fileEncoding = 4; lastKnownFileType = sourcecode.c.objc; path = main.m; sourceTree = "<group>"; };
		2A37F4B5FDCFA73011CA2CEA /* English */ = {isa = PBXFileReference; lastKnownFileType = wrapper.nib; name = English; path = English.lproj/MyDocument.nib; sourceTree = "<group>"; };
		2A37F4B7FDCFA73011CA2CEA /* English */ = {isa = PBXFileReference; lastKnownFileType = wrapper.nib; name = English; path = English.lproj/MainMenu.nib; sourceTree = "<group>"; };
		2A37F4BAFDCFA73011CA2CEA /* English */ = {isa = PBXFileReference; lastKnownFileType = text.rtf; name = English; path = English.lproj/Credits.rtf; sourceTree = "<group>"; };
		2A37F4C4FDCFA73011CA2CEA /* AppKit.framework */ = {isa = PBXFileReference; lastKnownFileType = wrapper.framework; name = AppKit.framework; path = /System/Library/Frameworks/AppKit.framework; sourceTree = "<absolute>"; };
		2A37F4C5FDCFA73011CA2CEA /* Foundation.framework */ = {isa = PBXFileReference; lastKnownFileType = wrapper.framework; name = Foundation.framework; path = /System/Library/Frameworks/Foundation.framework; sourceTree = "<absolute>"; };
		8D15AC360486D014006FF6A4 /* Info.plist */ = {isa = PBXFileReference; fileEncoding = 4; lastKnownFileType = text.plist; path = Info.plist; sourceTree = "<group>"; };
		8D15AC370486D014006FF6A4 /* TextEditor.app */ = {isa = PBXFileReference; explicitFileType = wrapper.application; includeInIndex = 0; path = TextEditor.app; sourceTree = BUILT_PRODUCTS_DIR; };
		FEF2CA1C0B35153A005449C7 /* TextEditor.app */ = {isa = PBXFileReference; explicitFileType = wrapper.application; includeInIndex = 0; path = TextEditor.app; sourceTree = BUILT_PRODUCTS_DIR; };
/* End PBXFileReference section */

/* Begin PBXFrameworksBuildPhase section */
		8D15AC330486D014006FF6A4 /* Frameworks */ = {
			isa = PBXFrameworksBuildPhase;
			buildActionMask = 2147483647;
			files = (
				8D15AC340486D014006FF6A4 /* Cocoa.framework in Frameworks */,
			);
			runOnlyForDeploymentPostprocessing = 0;
		};
		FEF2CA180B35153A005449C7 /* Frameworks */ = {
			isa = PBXFrameworksBuildPhase;
			buildActionMask = 2147483647;
			files = (
				FEF2CA190B35153A005449C7 /* Cocoa.framework in Frameworks */,
				FE7CDD490B35D0450079F150 /* AppKit.framework in Frameworks */,
				FE7CDD4A0B35D0460079F150 /* Foundation.framework in Frameworks */,
			);
			runOnlyForDeploymentPostprocessing = 0;
		};
/* End PBXFrameworksBuildPhase section */

/* Begin PBXGroup section */
		1058C7A6FEA54F5311CA2CBB /* Linked Frameworks */ = {
			isa = PBXGroup;
			children = (
				1058C7A7FEA54F5311CA2CBB /* Cocoa.framework */,
			);
			name = "Linked Frameworks";
			sourceTree = "<group>";
		};
		1058C7A8FEA54F5311CA2CBB /* Other Frameworks */ = {
			isa = PBXGroup;
			children = (
				2A37F4C4FDCFA73011CA2CEA /* AppKit.framework */,
				2A37F4C5FDCFA73011CA2CEA /* Foundation.framework */,
			);
			name = "Other Frameworks";
			sourceTree = "<group>";
		};
		19C28FB0FE9D524F11CA2CBB /* Products */ = {
			isa = PBXGroup;
			children = (
				8D15AC370486D014006FF6A4 /* TextEditor.app */,
				FEF2CA1C0B35153A005449C7 /* TextEditor.app */,
			);
			name = Products;
			sourceTree = "<group>";
		};
		2A37F4AAFDCFA73011CA2CEA /* TextEditor */ = {
			isa = PBXGroup;
			children = (
				2A37F4ABFDCFA73011CA2CEA /* Classes */,
				2A37F4C3FDCFA73011CA2CEA /* Frameworks */,
				2A37F4AFFDCFA73011CA2CEA /* Other Sources */,
				19C28FB0FE9D524F11CA2CBB /* Products */,
				2A37F4B8FDCFA73011CA2CEA /* Resources */,
			);
			name = TextEditor;
			sourceTree = "<group>";
		};
		2A37F4ABFDCFA73011CA2CEA /* Classes */ = {
			isa = PBXGroup;
			children = (
				2A37F4AEFDCFA73011CA2CEA /* MyDocument.h */,
				2A37F4ACFDCFA73011CA2CEA /* MyDocument.m */,
			);
			name = Classes;
			sourceTree = "<group>";
		};
		2A37F4AFFDCFA73011CA2CEA /* Other Sources */ = {
			isa = PBXGroup;
			children = (
				2A37F4B0FDCFA73011CA2CEA /* main.m */,
			);
			name = "Other Sources";
			sourceTree = "<group>";
		};
		2A37F4B8FDCFA73011CA2CEA /* Resources */ = {
			isa = PBXGroup;
			children = (
				2A37F4B9FDCFA73011CA2CEA /* Credits.rtf */,
				2A37F4B6FDCFA73011CA2CEA /* MainMenu.nib */,
				2A37F4B4FDCFA73011CA2CEA /* MyDocument.nib */,
				8D15AC360486D014006FF6A4 /* Info.plist */,
			);
			name = Resources;
			sourceTree = "<group>";
		};
		2A37F4C3FDCFA73011CA2CEA /* Frameworks */ = {
			isa = PBXGroup;
			children = (
				1058C7A6FEA54F5311CA2CBB /* Linked Frameworks */,
				1058C7A8FEA54F5311CA2CBB /* Other Frameworks */,
			);
			name = Frameworks;
			sourceTree = "<group>";
		};
/* End PBXGroup section */

/* Begin PBXNativeTarget section */
		8D15AC270486D014006FF6A4 /* TextEditor-Mac */ = {
			isa = PBXNativeTarget;
			buildConfigurationList = C05733C708A9546B00998B17 /* Build configuration list for PBXNativeTarget "TextEditor-Mac" */;
			buildPhases = (
				8D15AC2B0486D014006FF6A4 /* Resources */,
				8D15AC300486D014006FF6A4 /* Sources */,
				8D15AC330486D014006FF6A4 /* Frameworks */,
			);
			buildRules = (
			);
			dependencies = (
			);
			name = "TextEditor-Mac";
			productInstallPath = "$(HOME)/Applications";
			productName = TextEditor;
			productReference = 8D15AC370486D014006FF6A4 /* TextEditor.app */;
			productType = "com.apple.product-type.application";
		};
		FEF2CA0F0B35153A005449C7 /* TextEditor-Windows */ = {
			isa = PBXNativeTarget;
			buildConfigurationList = FEF2CA1A0B35153A005449C7 /* Build configuration list for PBXNativeTarget "TextEditor-Windows" */;
			buildPhases = (
				FEF2CA100B35153A005449C7 /* Resources */,
				FEF2CA150B35153A005449C7 /* Sources */,
				FEF2CA180B35153A005449C7 /* Frameworks */,
				FEB6746C0D2F2909006EE835 /* ShellScript */,
			);
			buildRules = (
				FEF2CA500B351742005449C7 /* PBXBuildRule */,
			);
			dependencies = (
			);
			name = "TextEditor-Windows";
			productInstallPath = "$(HOME)/Applications";
			productName = TextEditor;
			productReference = FEF2CA1C0B35153A005449C7 /* TextEditor.app */;
			productType = "com.apple.product-type.application";
		};
/* End PBXNativeTarget section */

/* Begin PBXProject section */
		2A37F4A9FDCFA73011CA2CEA /* Project object */ = {
			isa = PBXProject;
			buildConfigurationList = C05733CB08A9546B00998B17 /* Build configuration list for PBXProject "TextEditor" */;
			hasScannedForEncodings = 1;
			mainGroup = 2A37F4AAFDCFA73011CA2CEA /* TextEditor */;
			projectDirPath = "";
			targets = (
				FE7135E30B370ED7006C9493 /* TextEditor */,
				8D15AC270486D014006FF6A4 /* TextEditor-Mac */,
				FEF2CA0F0B35153A005449C7 /* TextEditor-Windows */,
			);
		};
/* End PBXProject section */

/* Begin PBXResourcesBuildPhase section */
		8D15AC2B0486D014006FF6A4 /* Resources */ = {
			isa = PBXResourcesBuildPhase;
			buildActionMask = 2147483647;
			files = (
				8D15AC2C0486D014006FF6A4 /* Credits.rtf in Resources */,
				8D15AC2D0486D014006FF6A4 /* MainMenu.nib in Resources */,
				8D15AC2E0486D014006FF6A4 /* MyDocument.nib in Resources */,
			);
			runOnlyForDeploymentPostprocessing = 0;
		};
		FEF2CA100B35153A005449C7 /* Resources */ = {
			isa = PBXResourcesBuildPhase;
			buildActionMask = 2147483647;
			files = (
				FEF2CA110B35153A005449C7 /* Credits.rtf in Resources */,
				FEF2CA120B35153A005449C7 /* MainMenu.nib in Resources */,
				FEF2CA130B35153A005449C7 /* MyDocument.nib in Resources */,
			);
			runOnlyForDeploymentPostprocessing = 0;
		};
/* End PBXResourcesBuildPhase section */

/* Begin PBXShellScriptBuildPhase section */
		FEB6746C0D2F2909006EE835 /* ShellScript */ = {
			isa = PBXShellScriptBuildPhase;
			buildActionMask = 2147483647;
			files = (
			);
			inputPaths = (
			);
			outputPaths = (
			);
			runOnlyForDeploymentPostprocessing = 0;
			shellPath = /bin/sh;
			shellScript = "/Developer/Cocotron/1.0/bin/retargetBundle -framework Foundation -framework AppKit -destination $TARGET_BUILD_DIR\"/\"$EXECUTABLE_FOLDER_PATH\n";
		};
/* End PBXShellScriptBuildPhase section */

/* Begin PBXSourcesBuildPhase section */
		8D15AC300486D014006FF6A4 /* Sources */ = {
			isa = PBXSourcesBuildPhase;
			buildActionMask = 2147483647;
			files = (
				8D15AC310486D014006FF6A4 /* MyDocument.m in Sources */,
				8D15AC320486D014006FF6A4 /* main.m in Sources */,
			);
			runOnlyForDeploymentPostprocessing = 0;
		};
		FEF2CA150B35153A005449C7 /* Sources */ = {
			isa = PBXSourcesBuildPhase;
			buildActionMask = 2147483647;
			files = (
				FEF2CA160B35153A005449C7 /* MyDocument.m in Sources */,
				FEF2CA170B35153A005449C7 /* main.m in Sources */,
			);
			runOnlyForDeploymentPostprocessing = 0;
		};
/* End PBXSourcesBuildPhase section */

/* Begin PBXTargetDependency section */
		FE7135E50B370EDC006C9493 /* PBXTargetDependency */ = {
			isa = PBXTargetDependency;
			target = 8D15AC270486D014006FF6A4 /* TextEditor-Mac */;
			targetProxy = FE7135E40B370EDC006C9493 /* PBXContainerItemProxy */;
		};
		FE7135E70B370EDF006C9493 /* PBXTargetDependency */ = {
			isa = PBXTargetDependency;
			target = FEF2CA0F0B35153A005449C7 /* TextEditor-Windows */;
			targetProxy = FE7135E60B370EDF006C9493 /* PBXContainerItemProxy */;
		};
/* End PBXTargetDependency section */

/* Begin PBXVariantGroup section */
		2A37F4B4FDCFA73011CA2CEA /* MyDocument.nib */ = {
			isa = PBXVariantGroup;
			children = (
				2A37F4B5FDCFA73011CA2CEA /* English */,
			);
			name = MyDocument.nib;
			sourceTree = "<group>";
		};
		2A37F4B6FDCFA73011CA2CEA /* MainMenu.nib */ = {
			isa = PBXVariantGroup;
			children = (
				2A37F4B7FDCFA73011CA2CEA /* English */,
			);
			name = MainMenu.nib;
			sourceTree = "<group>";
		};
		2A37F4B9FDCFA73011CA2CEA /* Credits.rtf */ = {
			isa = PBXVariantGroup;
			children = (
				2A37F4BAFDCFA73011CA2CEA /* English */,
			);
			name = Credits.rtf;
			sourceTree = "<group>";
		};
/* End PBXVariantGroup section */

/* Begin XCBuildConfiguration section */
		C05733C808A9546B00998B17 /* Deployment */ = {
			isa = XCBuildConfiguration;
			buildSettings = {
				COPY_PHASE_STRIP = NO;
				GCC_DYNAMIC_NO_PIC = NO;
				GCC_MODEL_TUNING = "";
				GCC_OPTIMIZATION_LEVEL = 0;
				INFOPLIST_FILE = Info.plist;
				MACOSX_DEPLOYMENT_TARGET = 10.3;
				PRODUCT_NAME = TextEditor;
				SYMROOT = build/Mac;
				WRAPPER_EXTENSION = app;
				ZERO_LINK = NO;
			};
			name = Deployment;
		};
		C05733CC08A9546B00998B17 /* Deployment */ = {
			isa = XCBuildConfiguration;
			buildSettings = {
			};
			name = Deployment;
		};
		FE7135EF0B370F3A006C9493 /* Deployment */ = {
			isa = XCBuildConfiguration;
			buildSettings = {
				COPY_PHASE_STRIP = YES;
				GCC_ENABLE_FIX_AND_CONTINUE = NO;
				GCC_GENERATE_DEBUGGING_SYMBOLS = NO;
				PRODUCT_NAME = TextEditor;
				ZERO_LINK = NO;
			};
			name = Deployment;
		};
		FEF2CA1B0B35153A005449C7 /* Deployment */ = {
			isa = XCBuildConfiguration;
			buildSettings = {
				ARCHS = i386;
				COPY_PHASE_STRIP = YES;
				EXECUTABLE_FOLDER_PATH = "$(CONTENTS_FOLDER_PATH)/Windows";
				EXECUTABLE_SUFFIX = .exe;
				FRAMEWORK_SEARCH_PATHS = /Developer/Cocotron/1.0/Windows/i386/Frameworks;
				GCC_DYNAMIC_NO_PIC = NO;
				GCC_GENERATE_DEBUGGING_SYMBOLS = NO;
				GCC_MODEL_TUNING = "";
				GCC_PRECOMPILE_PREFIX_HEADER = NO;
				INFOPLIST_FILE = Info.plist;
				OTHER_LDFLAGS = (
					"-Wl,--enable-auto-import",
					"-mwindows",
				);
				PREBINDING = NO;
				PRODUCT_NAME = TextEditor;
				SYMROOT = build/Windows;
			};
			name = Deployment;
		};
/* End XCBuildConfiguration section */

/* Begin XCConfigurationList section */
		C05733C708A9546B00998B17 /* Build configuration list for PBXNativeTarget "TextEditor-Mac" */ = {
			isa = XCConfigurationList;
			buildConfigurations = (
				C05733C808A9546B00998B17 /* Deployment */,
			);
			defaultConfigurationIsVisible = 0;
			defaultConfigurationName = Deployment;
		};
		C05733CB08A9546B00998B17 /* Build configuration list for PBXProject "TextEditor" */ = {
			isa = XCConfigurationList;
			buildConfigurations = (
				C05733CC08A9546B00998B17 /* Deployment */,
			);
			defaultConfigurationIsVisible = 0;
			defaultConfigurationName = Deployment;
		};
		FE7135EE0B370F3A006C9493 /* Build configuration list for PBXAggregateTarget "TextEditor" */ = {
			isa = XCConfigurationList;
			buildConfigurations = (
				FE7135EF0B370F3A006C9493 /* Deployment */,
			);
			defaultConfigurationIsVisible = 0;
			defaultConfigurationName = Deployment;
		};
		FEF2CA1A0B35153A005449C7 /* Build configuration list for PBXNativeTarget "TextEditor-Windows" */ = {
			isa = XCConfigurationList;
			buildConfigurations = (
				FEF2CA1B0B35153A005449C7 /* Deployment */,
			);
			defaultConfigurationIsVisible = 0;
			defaultConfigurationName = Deployment;
		};
/* End XCConfigurationList section */
	};
	rootObject = 2A37F4A9FDCFA73011CA2CEA /* Project object */;
}
