// !$*UTF8*$!
{
	archiveVersion = 1;
	classes = {
	};
	objectVersion = 45;
	objects = {

/* Begin PBXBuildFile section */
		8D576314048677EA00EA77CD /* Foundation.framework in Frameworks */ = {isa = PBXBuildFile; fileRef = 0AA1909FFE8422F4C02AAC07 /* Foundation.framework */; };
		8D5B49A804867FD3000E48DA /* InfoPlist.strings in Resources */ = {isa = PBXBuildFile; fileRef = 8D5B49A704867FD3000E48DA /* InfoPlist.strings */; };
		FE5C8314121D81470063E96F /* CFSSLHandler_openssl.m in Sources */ = {isa = PBXBuildFile; fileRef = FE5C8313121D81470063E96F /* CFSSLHandler_openssl.m */; };
/* End PBXBuildFile section */

/* Begin PBXContainerItemProxy section */
		FE0513B6121E05F70097BA92 /* PBXContainerItemProxy */ = {
			isa = PBXContainerItemProxy;
			containerPortal = FE0513A9121E05F70097BA92 /* Foundation.xcodeproj */;
			proxyType = 2;
			remoteGlobalIDString = FE01A7EC0C5D9B6900AEA51A;
			remoteInfo = "Foundation-Windows-i386";
		};
		FE0513B8121E05F70097BA92 /* PBXContainerItemProxy */ = {
			isa = PBXContainerItemProxy;
			containerPortal = FE0513A9121E05F70097BA92 /* Foundation.xcodeproj */;
			proxyType = 2;
			remoteGlobalIDString = 6EA04A7709E57D5F0067589C;
			remoteInfo = "Foundation-Linux-i386";
		};
		FE0513BA121E05F70097BA92 /* PBXContainerItemProxy */ = {
			isa = PBXContainerItemProxy;
			containerPortal = FE0513A9121E05F70097BA92 /* Foundation.xcodeproj */;
			proxyType = 2;
			remoteGlobalIDString = 6E4D932B0A2642BD003D335C;
			remoteInfo = "Foundation-Solaris-sparc";
		};
		FE0513BC121E05F70097BA92 /* PBXContainerItemProxy */ = {
			isa = PBXContainerItemProxy;
			containerPortal = FE0513A9121E05F70097BA92 /* Foundation.xcodeproj */;
			proxyType = 2;
			remoteGlobalIDString = FED70A6B0C3B3D2C000CBE5B;
			remoteInfo = "Foundation-Darwin-i386";
		};
		FE0513BE121E05F70097BA92 /* PBXContainerItemProxy */ = {
			isa = PBXContainerItemProxy;
			containerPortal = FE0513A9121E05F70097BA92 /* Foundation.xcodeproj */;
			proxyType = 2;
			remoteGlobalIDString = FED70FB70C3C09C7000CBE5B;
			remoteInfo = "Foundation-Darwin-ppc";
		};
		FE0513C0121E05F70097BA92 /* PBXContainerItemProxy */ = {
			isa = PBXContainerItemProxy;
			containerPortal = FE0513A9121E05F70097BA92 /* Foundation.xcodeproj */;
			proxyType = 2;
			remoteGlobalIDString = FE651A870FBC844C00464BFD;
			remoteInfo = "Foundation-Darwin-x86_64";
		};
		FE0513C2121E05F70097BA92 /* PBXContainerItemProxy */ = {
			isa = PBXContainerItemProxy;
			containerPortal = FE0513A9121E05F70097BA92 /* Foundation.xcodeproj */;
			proxyType = 2;
			remoteGlobalIDString = 28D487A90FE04E7100DC03EF;
			remoteInfo = "Foundation-Linux-ppc";
		};
		FE0513C4121E05F70097BA92 /* PBXContainerItemProxy */ = {
			isa = PBXContainerItemProxy;
			containerPortal = FE0513A9121E05F70097BA92 /* Foundation.xcodeproj */;
			proxyType = 2;
			remoteGlobalIDString = 15D921C0105E918000171406;
			remoteInfo = "Foundation-Linux-arm";
		};
		FE0513C6121E05F70097BA92 /* PBXContainerItemProxy */ = {
			isa = PBXContainerItemProxy;
			containerPortal = FE0513A9121E05F70097BA92 /* Foundation.xcodeproj */;
			proxyType = 2;
			remoteGlobalIDString = FE30A2FF10C6ED6F00A1BF7F;
			remoteInfo = "Foundation-FreeBSD-i386";
		};
		FE0513C8121E05FD0097BA92 /* PBXContainerItemProxy */ = {
			isa = PBXContainerItemProxy;
			containerPortal = FE0513A9121E05F70097BA92 /* Foundation.xcodeproj */;
			proxyType = 1;
			remoteGlobalIDString = FE01A5970C5D9B6900AEA51A;
			remoteInfo = "Foundation-Windows-i386";
		};
/* End PBXContainerItemProxy section */

/* Begin PBXFileReference section */
		089C167EFE841241C02AAC07 /* English */ = {isa = PBXFileReference; fileEncoding = 4; lastKnownFileType = text.plist.strings; name = English; path = English.lproj/InfoPlist.strings; sourceTree = "<group>"; };
		0AA1909FFE8422F4C02AAC07 /* Foundation.framework */ = {isa = PBXFileReference; lastKnownFileType = wrapper.framework; name = Foundation.framework; path = /System/Library/Frameworks/Foundation.framework; sourceTree = "<absolute>"; };
		8D576316048677EA00EA77CD /* CFSSLHandler_openssl.bundle */ = {isa = PBXFileReference; explicitFileType = wrapper.cfbundle; includeInIndex = 0; path = CFSSLHandler_openssl.bundle; sourceTree = BUILT_PRODUCTS_DIR; };
		8D576317048677EA00EA77CD /* Info.plist */ = {isa = PBXFileReference; fileEncoding = 4; lastKnownFileType = text.plist.xml; path = Info.plist; sourceTree = "<group>"; };
		FE0513A9121E05F70097BA92 /* Foundation.xcodeproj */ = {isa = PBXFileReference; lastKnownFileType = "wrapper.pb-project"; name = Foundation.xcodeproj; path = ../Foundation/Foundation.xcodeproj; sourceTree = SOURCE_ROOT; };
		FE06AFB71430E6690071169B /* darwin-i386.xcconfig */ = {isa = PBXFileReference; fileEncoding = 4; lastKnownFileType = text.xcconfig; path = "darwin-i386.xcconfig"; sourceTree = "<group>"; };
		FE06AFB81430E6690071169B /* darwin-ppc.xcconfig */ = {isa = PBXFileReference; fileEncoding = 4; lastKnownFileType = text.xcconfig; path = "darwin-ppc.xcconfig"; sourceTree = "<group>"; };
		FE06AFB91430E6690071169B /* darwin-x86_64.xcconfig */ = {isa = PBXFileReference; fileEncoding = 4; lastKnownFileType = text.xcconfig; path = "darwin-x86_64.xcconfig"; sourceTree = "<group>"; };
		FE06AFBA1430E6690071169B /* darwin.xcconfig */ = {isa = PBXFileReference; fileEncoding = 4; lastKnownFileType = text.xcconfig; path = darwin.xcconfig; sourceTree = "<group>"; };
		FE06AFBB1430E6690071169B /* freebsd-i386.xcconfig */ = {isa = PBXFileReference; fileEncoding = 4; lastKnownFileType = text.xcconfig; path = "freebsd-i386.xcconfig"; sourceTree = "<group>"; };
		FE06AFBC1430E6690071169B /* freebsd.xcconfig */ = {isa = PBXFileReference; fileEncoding = 4; lastKnownFileType = text.xcconfig; path = freebsd.xcconfig; sourceTree = "<group>"; };
		FE06AFBD1430E6690071169B /* linux-arm.xcconfig */ = {isa = PBXFileReference; fileEncoding = 4; lastKnownFileType = text.xcconfig; path = "linux-arm.xcconfig"; sourceTree = "<group>"; };
		FE06AFBE1430E6690071169B /* linux-i386.xcconfig */ = {isa = PBXFileReference; fileEncoding = 4; lastKnownFileType = text.xcconfig; path = "linux-i386.xcconfig"; sourceTree = "<group>"; };
		FE06AFBF1430E6690071169B /* linux-ppc.xcconfig */ = {isa = PBXFileReference; fileEncoding = 4; lastKnownFileType = text.xcconfig; path = "linux-ppc.xcconfig"; sourceTree = "<group>"; };
		FE06AFC01430E6690071169B /* linux.xcconfig */ = {isa = PBXFileReference; fileEncoding = 4; lastKnownFileType = text.xcconfig; path = linux.xcconfig; sourceTree = "<group>"; };
		FE06AFC11430E6690071169B /* platform.xcconfig */ = {isa = PBXFileReference; fileEncoding = 4; lastKnownFileType = text.xcconfig; path = platform.xcconfig; sourceTree = "<group>"; };
		FE06AFC21430E6690071169B /* solaris-sparc.xcconfig */ = {isa = PBXFileReference; fileEncoding = 4; lastKnownFileType = text.xcconfig; path = "solaris-sparc.xcconfig"; sourceTree = "<group>"; };
		FE06AFC31430E6690071169B /* solaris.xcconfig */ = {isa = PBXFileReference; fileEncoding = 4; lastKnownFileType = text.xcconfig; path = solaris.xcconfig; sourceTree = "<group>"; };
		FE06AFC41430E6690071169B /* windows-i386.xcconfig */ = {isa = PBXFileReference; fileEncoding = 4; lastKnownFileType = text.xcconfig; path = "windows-i386.xcconfig"; sourceTree = "<group>"; };
		FE06AFC51430E6690071169B /* windows.xcconfig */ = {isa = PBXFileReference; fileEncoding = 4; lastKnownFileType = text.xcconfig; path = windows.xcconfig; sourceTree = "<group>"; };
		FE5C8312121D81470063E96F /* CFSSLHandler_openssl.h */ = {isa = PBXFileReference; fileEncoding = 4; lastKnownFileType = sourcecode.c.h; path = CFSSLHandler_openssl.h; sourceTree = "<group>"; };
		FE5C8313121D81470063E96F /* CFSSLHandler_openssl.m */ = {isa = PBXFileReference; fileEncoding = 4; lastKnownFileType = sourcecode.c.objc; path = CFSSLHandler_openssl.m; sourceTree = "<group>"; };
/* End PBXFileReference section */

/* Begin PBXFrameworksBuildPhase section */
		8D576313048677EA00EA77CD /* Frameworks */ = {
			isa = PBXFrameworksBuildPhase;
			buildActionMask = 2147483647;
			files = (
				8D576314048677EA00EA77CD /* Foundation.framework in Frameworks */,
			);
			runOnlyForDeploymentPostprocessing = 0;
		};
/* End PBXFrameworksBuildPhase section */

/* Begin PBXGroup section */
		089C166AFE841209C02AAC07 /* CFSSLHandler_openssl */ = {
			isa = PBXGroup;
			children = (
				FE06AFB61430E6690071169B /* xcconfig */,
				FE0513A9121E05F70097BA92 /* Foundation.xcodeproj */,
				FE5C8312121D81470063E96F /* CFSSLHandler_openssl.h */,
				FE5C8313121D81470063E96F /* CFSSLHandler_openssl.m */,
				089C167CFE841241C02AAC07 /* Resources */,
				089C1671FE841209C02AAC07 /* External Frameworks and Libraries */,
				19C28FB6FE9D52B211CA2CBB /* Products */,
			);
			name = CFSSLHandler_openssl;
			sourceTree = "<group>";
		};
		089C1671FE841209C02AAC07 /* External Frameworks and Libraries */ = {
			isa = PBXGroup;
			children = (
				0AA1909FFE8422F4C02AAC07 /* Foundation.framework */,
			);
			name = "External Frameworks and Libraries";
			sourceTree = "<group>";
		};
		089C167CFE841241C02AAC07 /* Resources */ = {
			isa = PBXGroup;
			children = (
				8D576317048677EA00EA77CD /* Info.plist */,
				8D5B49A704867FD3000E48DA /* InfoPlist.strings */,
			);
			name = Resources;
			sourceTree = "<group>";
		};
		19C28FB6FE9D52B211CA2CBB /* Products */ = {
			isa = PBXGroup;
			children = (
				8D576316048677EA00EA77CD /* CFSSLHandler_openssl.bundle */,
			);
			name = Products;
			sourceTree = "<group>";
		};
		FE0513AA121E05F70097BA92 /* Products */ = {
			isa = PBXGroup;
			children = (
				FE0513B7121E05F70097BA92 /* Foundation.framework */,
				FE0513B9121E05F70097BA92 /* Foundation.framework */,
				FE0513BB121E05F70097BA92 /* Foundation.framework */,
				FE0513BD121E05F70097BA92 /* Foundation.framework */,
				FE0513BF121E05F70097BA92 /* Foundation.framework */,
				FE0513C1121E05F70097BA92 /* Foundation.framework */,
				FE0513C3121E05F70097BA92 /* Foundation.framework */,
				FE0513C5121E05F70097BA92 /* Foundation.framework */,
				FE0513C7121E05F70097BA92 /* Foundation.framework */,
			);
			name = Products;
			sourceTree = "<group>";
		};
		FE06AFB61430E6690071169B /* xcconfig */ = {
			isa = PBXGroup;
			children = (
				FE06AFB71430E6690071169B /* darwin-i386.xcconfig */,
				FE06AFB81430E6690071169B /* darwin-ppc.xcconfig */,
				FE06AFB91430E6690071169B /* darwin-x86_64.xcconfig */,
				FE06AFBA1430E6690071169B /* darwin.xcconfig */,
				FE06AFBB1430E6690071169B /* freebsd-i386.xcconfig */,
				FE06AFBC1430E6690071169B /* freebsd.xcconfig */,
				FE06AFBD1430E6690071169B /* linux-arm.xcconfig */,
				FE06AFBE1430E6690071169B /* linux-i386.xcconfig */,
				FE06AFBF1430E6690071169B /* linux-ppc.xcconfig */,
				FE06AFC01430E6690071169B /* linux.xcconfig */,
				FE06AFC11430E6690071169B /* platform.xcconfig */,
				FE06AFC21430E6690071169B /* solaris-sparc.xcconfig */,
				FE06AFC31430E6690071169B /* solaris.xcconfig */,
				FE06AFC41430E6690071169B /* windows-i386.xcconfig */,
				FE06AFC51430E6690071169B /* windows.xcconfig */,
			);
			name = xcconfig;
			path = ../xcconfig;
			sourceTree = SOURCE_ROOT;
		};
/* End PBXGroup section */

/* Begin PBXNativeTarget section */
		8D57630D048677EA00EA77CD /* CFSSLHandler_openssl-Windows-i386 */ = {
			isa = PBXNativeTarget;
			buildConfigurationList = 1DEB911A08733D790010E9CD /* Build configuration list for PBXNativeTarget "CFSSLHandler_openssl-Windows-i386" */;
			buildPhases = (
				8D57630F048677EA00EA77CD /* Resources */,
				8D576311048677EA00EA77CD /* Sources */,
				8D576313048677EA00EA77CD /* Frameworks */,
			);
			buildRules = (
			);
			dependencies = (
				FE0513C9121E05FD0097BA92 /* PBXTargetDependency */,
			);
			name = "CFSSLHandler_openssl-Windows-i386";
			productInstallPath = "$(HOME)/Library/Bundles";
			productName = CFSSLHandler_openssl;
			productReference = 8D576316048677EA00EA77CD /* CFSSLHandler_openssl.bundle */;
			productType = "com.apple.product-type.bundle";
		};
/* End PBXNativeTarget section */

/* Begin PBXProject section */
		089C1669FE841209C02AAC07 /* Project object */ = {
			isa = PBXProject;
			buildConfigurationList = 1DEB911E08733D790010E9CD /* Build configuration list for PBXProject "CFSSLHandler_openssl" */;
			compatibilityVersion = "Xcode 3.1";
			developmentRegion = English;
			hasScannedForEncodings = 1;
			knownRegions = (
				English,
				Japanese,
				French,
				German,
			);
			mainGroup = 089C166AFE841209C02AAC07 /* CFSSLHandler_openssl */;
			projectDirPath = "";
			projectReferences = (
				{
					ProductGroup = FE0513AA121E05F70097BA92 /* Products */;
					ProjectRef = FE0513A9121E05F70097BA92 /* Foundation.xcodeproj */;
				},
			);
			projectRoot = "";
			targets = (
				8D57630D048677EA00EA77CD /* CFSSLHandler_openssl-Windows-i386 */,
			);
		};
/* End PBXProject section */

/* Begin PBXReferenceProxy section */
		FE0513B7121E05F70097BA92 /* Foundation.framework */ = {
			isa = PBXReferenceProxy;
			fileType = wrapper.framework;
			path = Foundation.framework;
			remoteRef = FE0513B6121E05F70097BA92 /* PBXContainerItemProxy */;
			sourceTree = BUILT_PRODUCTS_DIR;
		};
		FE0513B9121E05F70097BA92 /* Foundation.framework */ = {
			isa = PBXReferenceProxy;
			fileType = wrapper.framework;
			path = Foundation.framework;
			remoteRef = FE0513B8121E05F70097BA92 /* PBXContainerItemProxy */;
			sourceTree = BUILT_PRODUCTS_DIR;
		};
		FE0513BB121E05F70097BA92 /* Foundation.framework */ = {
			isa = PBXReferenceProxy;
			fileType = wrapper.framework;
			path = Foundation.framework;
			remoteRef = FE0513BA121E05F70097BA92 /* PBXContainerItemProxy */;
			sourceTree = BUILT_PRODUCTS_DIR;
		};
		FE0513BD121E05F70097BA92 /* Foundation.framework */ = {
			isa = PBXReferenceProxy;
			fileType = wrapper.framework;
			path = Foundation.framework;
			remoteRef = FE0513BC121E05F70097BA92 /* PBXContainerItemProxy */;
			sourceTree = BUILT_PRODUCTS_DIR;
		};
		FE0513BF121E05F70097BA92 /* Foundation.framework */ = {
			isa = PBXReferenceProxy;
			fileType = wrapper.framework;
			path = Foundation.framework;
			remoteRef = FE0513BE121E05F70097BA92 /* PBXContainerItemProxy */;
			sourceTree = BUILT_PRODUCTS_DIR;
		};
		FE0513C1121E05F70097BA92 /* Foundation.framework */ = {
			isa = PBXReferenceProxy;
			fileType = wrapper.framework;
			path = Foundation.framework;
			remoteRef = FE0513C0121E05F70097BA92 /* PBXContainerItemProxy */;
			sourceTree = BUILT_PRODUCTS_DIR;
		};
		FE0513C3121E05F70097BA92 /* Foundation.framework */ = {
			isa = PBXReferenceProxy;
			fileType = wrapper.framework;
			path = Foundation.framework;
			remoteRef = FE0513C2121E05F70097BA92 /* PBXContainerItemProxy */;
			sourceTree = BUILT_PRODUCTS_DIR;
		};
		FE0513C5121E05F70097BA92 /* Foundation.framework */ = {
			isa = PBXReferenceProxy;
			fileType = wrapper.framework;
			path = Foundation.framework;
			remoteRef = FE0513C4121E05F70097BA92 /* PBXContainerItemProxy */;
			sourceTree = BUILT_PRODUCTS_DIR;
		};
		FE0513C7121E05F70097BA92 /* Foundation.framework */ = {
			isa = PBXReferenceProxy;
			fileType = wrapper.framework;
			path = Foundation.framework;
			remoteRef = FE0513C6121E05F70097BA92 /* PBXContainerItemProxy */;
			sourceTree = BUILT_PRODUCTS_DIR;
		};
/* End PBXReferenceProxy section */

/* Begin PBXResourcesBuildPhase section */
		8D57630F048677EA00EA77CD /* Resources */ = {
			isa = PBXResourcesBuildPhase;
			buildActionMask = 2147483647;
			files = (
				8D5B49A804867FD3000E48DA /* InfoPlist.strings in Resources */,
			);
			runOnlyForDeploymentPostprocessing = 0;
		};
/* End PBXResourcesBuildPhase section */

/* Begin PBXSourcesBuildPhase section */
		8D576311048677EA00EA77CD /* Sources */ = {
			isa = PBXSourcesBuildPhase;
			buildActionMask = 2147483647;
			files = (
				FE5C8314121D81470063E96F /* CFSSLHandler_openssl.m in Sources */,
			);
			runOnlyForDeploymentPostprocessing = 0;
		};
/* End PBXSourcesBuildPhase section */

/* Begin PBXTargetDependency section */
		FE0513C9121E05FD0097BA92 /* PBXTargetDependency */ = {
			isa = PBXTargetDependency;
			name = "Foundation-Windows-i386";
			targetProxy = FE0513C8121E05FD0097BA92 /* PBXContainerItemProxy */;
		};
/* End PBXTargetDependency section */

/* Begin PBXVariantGroup section */
		8D5B49A704867FD3000E48DA /* InfoPlist.strings */ = {
			isa = PBXVariantGroup;
			children = (
				089C167EFE841241C02AAC07 /* English */,
			);
			name = InfoPlist.strings;
			sourceTree = "<group>";
		};
/* End PBXVariantGroup section */

/* Begin XCBuildConfiguration section */
		1DEB911B08733D790010E9CD /* Debug */ = {
			isa = XCBuildConfiguration;
			baseConfigurationReference = FE06AFC41430E6690071169B /* windows-i386.xcconfig */;
			buildSettings = {
				ALWAYS_SEARCH_USER_PATHS = NO;
				DEBUG_INFORMATION_FORMAT = stabs;
				EXECUTABLE_FOLDER_PATH = "$(CONTENTS_FOLDER_PATH)/Windows";
				EXECUTABLE_SUFFIX = .1.0.dll;
				GCC_DYNAMIC_NO_PIC = NO;
				GCC_MODEL_TUNING = G5;
				GCC_OPTIMIZATION_LEVEL = 0;
				HEADER_SEARCH_PATHS = "$(TARGET_BUILD_DIR)/CoreFoundation.framework/Headers";
				INFOPLIST_FILE = Info.plist;
				INSTALL_PATH = "$(INSTALL_PATH)/Foundation.framework/Resources";
				OTHER_LDFLAGS = (
					"-shared",
					"-lssl",
					"-lcrypto",
					"-lgdi32",
					"-lws2_32",
					"-Wl,--enable-auto-import",
				);
				PRODUCT_NAME = CFSSLHandler_openssl;
				SDKROOT = "";
				WRAPPER_EXTENSION = bundle;
			};
			name = Debug;
		};
		1DEB911C08733D790010E9CD /* Release */ = {
			isa = XCBuildConfiguration;
			baseConfigurationReference = FE06AFC41430E6690071169B /* windows-i386.xcconfig */;
			buildSettings = {
				ALWAYS_SEARCH_USER_PATHS = NO;
				DEBUG_INFORMATION_FORMAT = stabs;
				EXECUTABLE_FOLDER_PATH = "$(CONTENTS_FOLDER_PATH)/Windows";
				EXECUTABLE_SUFFIX = .1.0.dll;
				GCC_MODEL_TUNING = G5;
				HEADER_SEARCH_PATHS = "$(TARGET_BUILD_DIR)/CoreFoundation.framework/Headers";
				INFOPLIST_FILE = Info.plist;
				INSTALL_PATH = "$(INSTALL_PATH)/Foundation.framework/Resources";
				OTHER_LDFLAGS = (
					"-shared",
					"-lssl",
					"-lcrypto",
					"-lgdi32",
					"-lws2_32",
					"-Wl,--enable-auto-import",
				);
				PRODUCT_NAME = CFSSLHandler_openssl;
				SDKROOT = "";
				WRAPPER_EXTENSION = bundle;
			};
			name = Release;
		};
		1DEB911F08733D790010E9CD /* Debug */ = {
			isa = XCBuildConfiguration;
			buildSettings = {
			};
			name = Debug;
		};
		1DEB912008733D790010E9CD /* Release */ = {
			isa = XCBuildConfiguration;
			buildSettings = {
			};
			name = Release;
		};
/* End XCBuildConfiguration section */

/* Begin XCConfigurationList section */
		1DEB911A08733D790010E9CD /* Build configuration list for PBXNativeTarget "CFSSLHandler_openssl-Windows-i386" */ = {
			isa = XCConfigurationList;
			buildConfigurations = (
				1DEB911B08733D790010E9CD /* Debug */,
				1DEB911C08733D790010E9CD /* Release */,
			);
			defaultConfigurationIsVisible = 0;
			defaultConfigurationName = Release;
		};
		1DEB911E08733D790010E9CD /* Build configuration list for PBXProject "CFSSLHandler_openssl" */ = {
			isa = XCConfigurationList;
			buildConfigurations = (
				1DEB911F08733D790010E9CD /* Debug */,
				1DEB912008733D790010E9CD /* Release */,
			);
			defaultConfigurationIsVisible = 0;
			defaultConfigurationName = Release;
		};
/* End XCConfigurationList section */
	};
	rootObject = 089C1669FE841209C02AAC07 /* Project object */;
}
